{
  "version": 4,
  "terraform_version": "1.13.3",
  "serial": 180,
  "lineage": "57067217-3b60-a18a-d7a7-22c7d957d62e",
  "outputs": {
    "ml_jobs_dlq_arn": {
      "value": "arn:aws:sqs:ap-southeast-2:901444280953:steam-predictor-ml-jobs-dlq",
      "type": "string"
    },
    "ml_jobs_dlq_url": {
      "value": "https://sqs.ap-southeast-2.amazonaws.com/901444280953/steam-predictor-ml-jobs-dlq",
      "type": "string"
    },
    "ml_jobs_queue_arn": {
      "value": "arn:aws:sqs:ap-southeast-2:901444280953:steam-predictor-ml-jobs-queue",
      "type": "string"
    },
    "ml_jobs_queue_url": {
      "value": "https://sqs.ap-southeast-2.amazonaws.com/901444280953/steam-predictor-ml-jobs-queue",
      "type": "string"
    }
  },
  "resources": [
    {
      "mode": "data",
      "type": "archive_file",
      "name": "graph_deleation_lambda_zip",
      "provider": "provider[\"registry.terraform.io/hashicorp/archive\"]",
      "instances": [
        {
          "schema_version": 0,
          "attributes": {
            "exclude_symlink_directories": null,
            "excludes": null,
            "id": "e637f795a4485cfdd2c143537977f88df58bc946",
            "output_base64sha256": "tIF1CysKCELrKaoRdEXc0t8dP/1VPyyFckOfSlqoXu8=",
            "output_base64sha512": "rZy/EldtYDdhgs6qQ6rf/ruTR7ZuZZI36iTRp8koebAVKVzB+buQRAkTwvAHbLRxPMd5cMrJL85CUBjFK0nKYA==",
            "output_file_mode": null,
            "output_md5": "db7a81ff458d0704079035f534005bea",
            "output_path": "./graph_deleation_lambda.zip",
            "output_sha": "e637f795a4485cfdd2c143537977f88df58bc946",
            "output_sha256": "b481750b2b0a0842eb29aa117445dcd2df1d3ffd553f2c8572439f4a5aa85eef",
            "output_sha512": "ad9cbf12576d60376182ceaa43aadffebb9347b66e659237ea24d1a7c92879b015295cc1f9bb90440913c2f0076cb4713cc77970cac92fce425018c52b49ca60",
            "output_size": 600,
            "source": [],
            "source_content": null,
            "source_content_filename": null,
            "source_dir": null,
            "source_file": "./../../aws_lambda/graph_deleation.py",
            "type": "zip"
          },
          "sensitive_attributes": [],
          "identity_schema_version": 0
        }
      ]
    },
    {
      "mode": "data",
      "type": "aws_iam_role",
      "name": "ecs_execution",
      "provider": "provider[\"registry.terraform.io/hashicorp/aws\"]",
      "instances": [
        {
          "schema_version": 0,
          "attributes": {
            "arn": "arn:aws:iam::901444280953:role/Execution-Role-CAB432-ECS",
            "assume_role_policy": "{\"Version\":\"2012-10-17\",\"Statement\":[{\"Sid\":\"\",\"Effect\":\"Allow\",\"Principal\":{\"Service\":\"ecs-tasks.amazonaws.com\"},\"Action\":\"sts:AssumeRole\"}]}",
            "create_date": "2024-10-07T23:23:17Z",
            "description": "Allows ECS tasks to call AWS services on your behalf.",
            "id": "Execution-Role-CAB432-ECS",
            "max_session_duration": 3600,
            "name": "Execution-Role-CAB432-ECS",
            "path": "/",
            "permissions_boundary": "",
            "role_last_used": [
              {
                "last_used_date": "2025-10-27T12:14:15Z",
                "region": "ap-southeast-2"
              }
            ],
            "tags": {},
            "unique_id": "AROA5DYSEEJ4SGLD57COR"
          },
          "sensitive_attributes": [],
          "identity_schema_version": 0
        }
      ]
    },
    {
      "mode": "data",
      "type": "aws_iam_role",
      "name": "ecs_task",
      "provider": "provider[\"registry.terraform.io/hashicorp/aws\"]",
      "instances": [
        {
          "schema_version": 0,
          "attributes": {
            "arn": "arn:aws:iam::901444280953:role/CAB432-Instance-Role",
            "assume_role_policy": "{\"Version\":\"2012-10-17\",\"Statement\":[{\"Effect\":\"Allow\",\"Principal\":{\"Service\":\"ec2.amazonaws.com\"},\"Action\":\"sts:AssumeRole\"}]}",
            "create_date": "2025-06-27T03:46:50Z",
            "description": "Allows EC2 instances to call AWS services on your behalf.",
            "id": "CAB432-Instance-Role",
            "max_session_duration": 3600,
            "name": "CAB432-Instance-Role",
            "path": "/",
            "permissions_boundary": "",
            "role_last_used": [
              {
                "last_used_date": "2025-10-27T12:14:21Z",
                "region": "ap-southeast-2"
              }
            ],
            "tags": {},
            "unique_id": "AROA5DYSEEJ44AGUCL5XM"
          },
          "sensitive_attributes": [],
          "identity_schema_version": 0
        }
      ]
    },
    {
      "mode": "data",
      "type": "aws_iam_role",
      "name": "task_role",
      "provider": "provider[\"registry.terraform.io/hashicorp/aws\"]",
      "instances": [
        {
          "schema_version": 0,
          "attributes": {
            "arn": "arn:aws:iam::901444280953:role/Task-Role-CAB432-ECS",
            "assume_role_policy": "{\"Version\":\"2012-10-17\",\"Statement\":[{\"Sid\":\"\",\"Effect\":\"Allow\",\"Principal\":{\"Service\":\"ecs-tasks.amazonaws.com\"},\"Action\":\"sts:AssumeRole\"}]}",
            "create_date": "2024-10-07T23:29:19Z",
            "description": "Allows ECS tasks to call AWS services on your behalf.",
            "id": "Task-Role-CAB432-ECS",
            "max_session_duration": 3600,
            "name": "Task-Role-CAB432-ECS",
            "path": "/",
            "permissions_boundary": "",
            "role_last_used": [
              {
                "last_used_date": "2025-10-27T12:14:57Z",
                "region": "ap-southeast-2"
              }
            ],
            "tags": {},
            "unique_id": "AROA5DYSEEJ43GLBQWBWI"
          },
          "sensitive_attributes": [],
          "identity_schema_version": 0
        }
      ]
    },
    {
      "mode": "data",
      "type": "aws_security_group",
      "name": "default",
      "provider": "provider[\"registry.terraform.io/hashicorp/aws\"]",
      "instances": [
        {
          "schema_version": 0,
          "attributes": {
            "arn": "arn:aws:ec2:ap-southeast-2:901444280953:security-group/sg-032bd1ff8cf77dbb9",
            "description": "Security Group - Default Port for CAB432 EC2 Users",
            "filter": null,
            "id": "sg-032bd1ff8cf77dbb9",
            "name": "CAB432SG",
            "region": "ap-southeast-2",
            "tags": {
              "Name": "Security Group for CAB432",
              "qut-username": "n12142522@qut.edu.au"
            },
            "timeouts": null,
            "vpc_id": "vpc-007bab53289655834"
          },
          "sensitive_attributes": [],
          "identity_schema_version": 0
        }
      ]
    },
    {
      "mode": "data",
      "type": "aws_subnets",
      "name": "default",
      "provider": "provider[\"registry.terraform.io/hashicorp/aws\"]",
      "instances": [
        {
          "schema_version": 0,
          "attributes": {
            "filter": [
              {
                "name": "vpc-id",
                "values": [
                  "vpc-007bab53289655834"
                ]
              }
            ],
            "id": "ap-southeast-2",
            "ids": [
              "subnet-05d0352bb15852524",
              "subnet-04cc288ea3b2e1e53",
              "subnet-08e89ff0d9b49c9ae",
              "subnet-075811427d5564cf9",
              "subnet-07ea9e4f9cc9159ca",
              "subnet-05a3b8177138c8b14",
              "subnet-04ca053dcbe5f49cc"
            ],
            "region": "ap-southeast-2",
            "tags": null,
            "timeouts": null
          },
          "sensitive_attributes": [],
          "identity_schema_version": 0
        }
      ]
    },
    {
      "mode": "data",
      "type": "aws_vpc",
      "name": "main",
      "provider": "provider[\"registry.terraform.io/hashicorp/aws\"]",
      "instances": [
        {
          "schema_version": 0,
          "attributes": {
            "arn": "arn:aws:ec2:ap-southeast-2:901444280953:vpc/vpc-007bab53289655834",
            "cidr_block": "172.31.0.0/16",
            "cidr_block_associations": [
              {
                "association_id": "vpc-cidr-assoc-034452122c8319075",
                "cidr_block": "172.31.0.0/16",
                "state": "associated"
              }
            ],
            "default": false,
            "dhcp_options_id": "dopt-0dcd81db9bf347653",
            "enable_dns_hostnames": true,
            "enable_dns_support": true,
            "enable_network_address_usage_metrics": false,
            "filter": null,
            "id": "vpc-007bab53289655834",
            "instance_tenancy": "default",
            "ipv6_association_id": "",
            "ipv6_cidr_block": "",
            "main_route_table_id": "rtb-04c3d59af838a3821",
            "owner_id": "901444280953",
            "region": "ap-southeast-2",
            "state": null,
            "tags": {
              "Name": "aws-controltower-VPC",
              "qut-username": "10701028"
            },
            "timeouts": null
          },
          "sensitive_attributes": [],
          "identity_schema_version": 0
        }
      ]
    },
    {
      "mode": "managed",
      "type": "aws_appautoscaling_policy",
      "name": "sklearn_cpu_scale_down",
      "provider": "provider[\"registry.terraform.io/hashicorp/aws\"]",
      "instances": [
        {
          "schema_version": 0,
          "attributes": {
            "alarm_arns": [
              "arn:aws:cloudwatch:ap-southeast-2:901444280953:alarm:steam-predictor-sklearn-cpu-low"
            ],
            "arn": "arn:aws:autoscaling:ap-southeast-2:901444280953:scalingPolicy:67981019-6e21-4bac-b588-eda488836263:resource/ecs/service/steam-predictor-cluster/steam-predictor-sklearn:policyName/steam-predictor-sklearn-cpu-scale-down",
            "id": "steam-predictor-sklearn-cpu-scale-down",
            "name": "steam-predictor-sklearn-cpu-scale-down",
            "policy_type": "StepScaling",
            "predictive_scaling_policy_configuration": [],
            "region": "ap-southeast-2",
            "resource_id": "service/steam-predictor-cluster/steam-predictor-sklearn",
            "scalable_dimension": "ecs:service:DesiredCount",
            "service_namespace": "ecs",
            "step_scaling_policy_configuration": [
              {
                "adjustment_type": "ChangeInCapacity",
                "cooldown": 300,
                "metric_aggregation_type": "Average",
                "min_adjustment_magnitude": 0,
                "step_adjustment": [
                  {
                    "metric_interval_lower_bound": "",
                    "metric_interval_upper_bound": "0",
                    "scaling_adjustment": -1
                  }
                ]
              }
            ],
            "target_tracking_scaling_policy_configuration": []
          },
          "sensitive_attributes": [],
          "identity_schema_version": 0,
          "private": "bnVsbA==",
          "dependencies": [
            "aws_appautoscaling_target.sklearn_target",
            "aws_ecs_cluster.main",
            "aws_ecs_service.sklearn",
            "aws_ecs_task_definition.sklearn",
            "data.aws_iam_role.ecs_execution",
            "data.aws_iam_role.task_role",
            "data.aws_security_group.default",
            "data.aws_subnets.default",
            "data.aws_vpc.main"
          ]
        }
      ]
    },
    {
      "mode": "managed",
      "type": "aws_appautoscaling_policy",
      "name": "sklearn_cpu_scale_up",
      "provider": "provider[\"registry.terraform.io/hashicorp/aws\"]",
      "instances": [
        {
          "schema_version": 0,
          "attributes": {
            "alarm_arns": [
              "arn:aws:cloudwatch:ap-southeast-2:901444280953:alarm:steam-predictor-sklearn-cpu-high"
            ],
            "arn": "arn:aws:autoscaling:ap-southeast-2:901444280953:scalingPolicy:67981019-6e21-4bac-b588-eda488836263:resource/ecs/service/steam-predictor-cluster/steam-predictor-sklearn:policyName/steam-predictor-sklearn-cpu-scale-up",
            "id": "steam-predictor-sklearn-cpu-scale-up",
            "name": "steam-predictor-sklearn-cpu-scale-up",
            "policy_type": "StepScaling",
            "predictive_scaling_policy_configuration": [],
            "region": "ap-southeast-2",
            "resource_id": "service/steam-predictor-cluster/steam-predictor-sklearn",
            "scalable_dimension": "ecs:service:DesiredCount",
            "service_namespace": "ecs",
            "step_scaling_policy_configuration": [
              {
                "adjustment_type": "ChangeInCapacity",
                "cooldown": 60,
                "metric_aggregation_type": "Average",
                "min_adjustment_magnitude": 0,
                "step_adjustment": [
                  {
                    "metric_interval_lower_bound": "0",
                    "metric_interval_upper_bound": "10",
                    "scaling_adjustment": 1
                  },
                  {
                    "metric_interval_lower_bound": "10",
                    "metric_interval_upper_bound": "",
                    "scaling_adjustment": 2
                  }
                ]
              }
            ],
            "target_tracking_scaling_policy_configuration": []
          },
          "sensitive_attributes": [],
          "identity_schema_version": 0,
          "private": "bnVsbA==",
          "dependencies": [
            "aws_appautoscaling_target.sklearn_target",
            "aws_ecs_cluster.main",
            "aws_ecs_service.sklearn",
            "aws_ecs_task_definition.sklearn",
            "data.aws_iam_role.ecs_execution",
            "data.aws_iam_role.task_role",
            "data.aws_security_group.default",
            "data.aws_subnets.default",
            "data.aws_vpc.main"
          ]
        }
      ]
    },
    {
      "mode": "managed",
      "type": "aws_appautoscaling_policy",
      "name": "sklearn_memory_scale_up",
      "provider": "provider[\"registry.terraform.io/hashicorp/aws\"]",
      "instances": [
        {
          "schema_version": 0,
          "attributes": {
            "alarm_arns": [
              "arn:aws:cloudwatch:ap-southeast-2:901444280953:alarm:steam-predictor-sklearn-memory-high"
            ],
            "arn": "arn:aws:autoscaling:ap-southeast-2:901444280953:scalingPolicy:67981019-6e21-4bac-b588-eda488836263:resource/ecs/service/steam-predictor-cluster/steam-predictor-sklearn:policyName/steam-predictor-sklearn-memory-scale-up",
            "id": "steam-predictor-sklearn-memory-scale-up",
            "name": "steam-predictor-sklearn-memory-scale-up",
            "policy_type": "StepScaling",
            "predictive_scaling_policy_configuration": [],
            "region": "ap-southeast-2",
            "resource_id": "service/steam-predictor-cluster/steam-predictor-sklearn",
            "scalable_dimension": "ecs:service:DesiredCount",
            "service_namespace": "ecs",
            "step_scaling_policy_configuration": [
              {
                "adjustment_type": "ChangeInCapacity",
                "cooldown": 60,
                "metric_aggregation_type": "Average",
                "min_adjustment_magnitude": 0,
                "step_adjustment": [
                  {
                    "metric_interval_lower_bound": "0",
                    "metric_interval_upper_bound": "20",
                    "scaling_adjustment": 1
                  },
                  {
                    "metric_interval_lower_bound": "20",
                    "metric_interval_upper_bound": "",
                    "scaling_adjustment": 2
                  }
                ]
              }
            ],
            "target_tracking_scaling_policy_configuration": []
          },
          "sensitive_attributes": [],
          "identity_schema_version": 0,
          "private": "bnVsbA==",
          "dependencies": [
            "aws_appautoscaling_target.sklearn_target",
            "aws_ecs_cluster.main",
            "aws_ecs_service.sklearn",
            "aws_ecs_task_definition.sklearn",
            "data.aws_iam_role.ecs_execution",
            "data.aws_iam_role.task_role",
            "data.aws_security_group.default",
            "data.aws_subnets.default",
            "data.aws_vpc.main"
          ]
        }
      ]
    },
    {
      "mode": "managed",
      "type": "aws_appautoscaling_target",
      "name": "sklearn_target",
      "provider": "provider[\"registry.terraform.io/hashicorp/aws\"]",
      "instances": [
        {
          "schema_version": 0,
          "attributes": {
            "arn": "arn:aws:application-autoscaling:ap-southeast-2:901444280953:scalable-target/0ec5679810196e214bacb588eda488836263",
            "id": "service/steam-predictor-cluster/steam-predictor-sklearn",
            "max_capacity": 5,
            "min_capacity": 1,
            "region": "ap-southeast-2",
            "resource_id": "service/steam-predictor-cluster/steam-predictor-sklearn",
            "role_arn": "arn:aws:iam::901444280953:role/aws-service-role/ecs.application-autoscaling.amazonaws.com/AWSServiceRoleForApplicationAutoScaling_ECSService",
            "scalable_dimension": "ecs:service:DesiredCount",
            "service_namespace": "ecs",
            "suspended_state": [
              {
                "dynamic_scaling_in_suspended": false,
                "dynamic_scaling_out_suspended": false,
                "scheduled_scaling_suspended": false
              }
            ],
            "tags": {},
            "tags_all": {}
          },
          "sensitive_attributes": [],
          "identity_schema_version": 0,
          "private": "bnVsbA==",
          "dependencies": [
            "aws_ecs_cluster.main",
            "aws_ecs_service.sklearn",
            "aws_ecs_task_definition.sklearn",
            "data.aws_iam_role.ecs_execution",
            "data.aws_iam_role.task_role",
            "data.aws_security_group.default",
            "data.aws_subnets.default",
            "data.aws_vpc.main"
          ]
        }
      ]
    },
    {
      "mode": "managed",
      "type": "aws_cloudwatch_event_rule",
      "name": "daily_cleanup",
      "provider": "provider[\"registry.terraform.io/hashicorp/aws\"]",
      "instances": [
        {
          "schema_version": 1,
          "attributes": {
            "arn": "arn:aws:events:ap-southeast-2:901444280953:rule/daily-graph-deletion",
            "description": "",
            "event_bus_name": "default",
            "event_pattern": null,
            "force_destroy": false,
            "id": "daily-graph-deletion",
            "is_enabled": true,
            "name": "daily-graph-deletion",
            "name_prefix": "",
            "region": "ap-southeast-2",
            "role_arn": "",
            "schedule_expression": "rate(1 minute)",
            "state": "ENABLED",
            "tags": {
              "project": "steam-market-predictor",
              "purpose": "assessment3",
              "qut-username": "n11275561@qut.edu.au",
              "qut-username2": "n11803444@qut.edu.au"
            },
            "tags_all": {
              "project": "steam-market-predictor",
              "purpose": "assessment3",
              "qut-username": "n11275561@qut.edu.au",
              "qut-username2": "n11803444@qut.edu.au"
            }
          },
          "sensitive_attributes": [],
          "identity_schema_version": 0,
          "identity": {
            "account_id": "901444280953",
            "name": "daily-graph-deletion",
            "region": "ap-southeast-2"
          },
          "private": "eyJzY2hlbWFfdmVyc2lvbiI6IjEifQ=="
        }
      ]
    },
    {
      "mode": "managed",
      "type": "aws_cloudwatch_event_target",
      "name": "lambda_target",
      "provider": "provider[\"registry.terraform.io/hashicorp/aws\"]",
      "instances": [
        {
          "schema_version": 1,
          "attributes": {
            "appsync_target": [],
            "arn": "arn:aws:lambda:ap-southeast-2:901444280953:function:graph_deleation_lambda",
            "batch_target": [],
            "dead_letter_config": [],
            "ecs_target": [],
            "event_bus_name": "default",
            "force_destroy": false,
            "http_target": [],
            "id": "daily-graph-deletion-graph_deleation_lambda",
            "input": "",
            "input_path": "",
            "input_transformer": [],
            "kinesis_target": [],
            "redshift_target": [],
            "region": "ap-southeast-2",
            "retry_policy": [],
            "role_arn": "",
            "rule": "daily-graph-deletion",
            "run_command_targets": [],
            "sagemaker_pipeline_target": [],
            "sqs_target": [],
            "target_id": "graph_deleation_lambda"
          },
          "sensitive_attributes": [],
          "identity_schema_version": 0,
          "identity": {
            "account_id": "901444280953",
            "event_bus_name": "default",
            "region": "ap-southeast-2",
            "rule": "daily-graph-deletion",
            "target_id": "graph_deleation_lambda"
          },
          "private": "eyJzY2hlbWFfdmVyc2lvbiI6IjEifQ==",
          "dependencies": [
            "aws_cloudwatch_event_rule.daily_cleanup",
            "aws_lambda_function.graph_deleation",
            "data.archive_file.graph_deleation_lambda_zip"
          ]
        }
      ]
    },
    {
      "mode": "managed",
      "type": "aws_cloudwatch_metric_alarm",
      "name": "ml_dlq_messages",
      "provider": "provider[\"registry.terraform.io/hashicorp/aws\"]",
      "instances": [
        {
          "schema_version": 1,
          "attributes": {
            "actions_enabled": true,
            "alarm_actions": [],
            "alarm_description": "Alert when messages are sent to DLQ",
            "alarm_name": "steam-predictor-ml-dlq-messages",
            "arn": "arn:aws:cloudwatch:ap-southeast-2:901444280953:alarm:steam-predictor-ml-dlq-messages",
            "comparison_operator": "GreaterThanThreshold",
            "datapoints_to_alarm": 0,
            "dimensions": {
              "QueueName": "steam-predictor-ml-jobs-dlq"
            },
            "evaluate_low_sample_count_percentiles": "",
            "evaluation_periods": 1,
            "extended_statistic": "",
            "id": "steam-predictor-ml-dlq-messages",
            "insufficient_data_actions": [],
            "metric_name": "ApproximateNumberOfMessagesVisible",
            "metric_query": [],
            "namespace": "AWS/SQS",
            "ok_actions": [],
            "period": 300,
            "region": "ap-southeast-2",
            "statistic": "Average",
            "tags": {
              "project": "steam-market-predictor",
              "purpose": "assessment3",
              "qut-username": "n11275561@qut.edu.au",
              "qut-username2": "n11803444@qut.edu.au"
            },
            "tags_all": {
              "project": "steam-market-predictor",
              "purpose": "assessment3",
              "qut-username": "n11275561@qut.edu.au",
              "qut-username2": "n11803444@qut.edu.au"
            },
            "threshold": 1,
            "threshold_metric_id": "",
            "treat_missing_data": "missing",
            "unit": ""
          },
          "sensitive_attributes": [],
          "identity_schema_version": 0,
          "identity": {
            "account_id": "901444280953",
            "alarm_name": "steam-predictor-ml-dlq-messages",
            "region": "ap-southeast-2"
          },
          "private": "eyJzY2hlbWFfdmVyc2lvbiI6IjEifQ==",
          "dependencies": [
            "aws_sqs_queue.ml_jobs_dlq"
          ]
        }
      ]
    },
    {
      "mode": "managed",
      "type": "aws_cloudwatch_metric_alarm",
      "name": "ml_queue_depth_high",
      "provider": "provider[\"registry.terraform.io/hashicorp/aws\"]",
      "instances": [
        {
          "schema_version": 1,
          "attributes": {
            "actions_enabled": true,
            "alarm_actions": [],
            "alarm_description": "Alert when ML jobs queue has more than 10 messages",
            "alarm_name": "steam-predictor-ml-queue-depth-high",
            "arn": "arn:aws:cloudwatch:ap-southeast-2:901444280953:alarm:steam-predictor-ml-queue-depth-high",
            "comparison_operator": "GreaterThanThreshold",
            "datapoints_to_alarm": 0,
            "dimensions": {
              "QueueName": "steam-predictor-ml-jobs-queue"
            },
            "evaluate_low_sample_count_percentiles": "",
            "evaluation_periods": 2,
            "extended_statistic": "",
            "id": "steam-predictor-ml-queue-depth-high",
            "insufficient_data_actions": [],
            "metric_name": "ApproximateNumberOfMessagesVisible",
            "metric_query": [],
            "namespace": "AWS/SQS",
            "ok_actions": [],
            "period": 60,
            "region": "ap-southeast-2",
            "statistic": "Average",
            "tags": {
              "project": "steam-market-predictor",
              "purpose": "assessment3",
              "qut-username": "n11275561@qut.edu.au",
              "qut-username2": "n11803444@qut.edu.au"
            },
            "tags_all": {
              "project": "steam-market-predictor",
              "purpose": "assessment3",
              "qut-username": "n11275561@qut.edu.au",
              "qut-username2": "n11803444@qut.edu.au"
            },
            "threshold": 10,
            "threshold_metric_id": "",
            "treat_missing_data": "missing",
            "unit": ""
          },
          "sensitive_attributes": [],
          "identity_schema_version": 0,
          "identity": {
            "account_id": "901444280953",
            "alarm_name": "steam-predictor-ml-queue-depth-high",
            "region": "ap-southeast-2"
          },
          "private": "eyJzY2hlbWFfdmVyc2lvbiI6IjEifQ==",
          "dependencies": [
            "aws_sqs_queue.ml_jobs",
            "aws_sqs_queue.ml_jobs_dlq"
          ]
        }
      ]
    },
    {
      "mode": "managed",
      "type": "aws_cloudwatch_metric_alarm",
      "name": "sklearn_cpu_high",
      "provider": "provider[\"registry.terraform.io/hashicorp/aws\"]",
      "instances": [
        {
          "schema_version": 1,
          "attributes": {
            "actions_enabled": true,
            "alarm_actions": [
              "arn:aws:autoscaling:ap-southeast-2:901444280953:scalingPolicy:67981019-6e21-4bac-b588-eda488836263:resource/ecs/service/steam-predictor-cluster/steam-predictor-sklearn:policyName/steam-predictor-sklearn-cpu-scale-up"
            ],
            "alarm_description": "Scale up when CPU utilization exceeds 70%",
            "alarm_name": "steam-predictor-sklearn-cpu-high",
            "arn": "arn:aws:cloudwatch:ap-southeast-2:901444280953:alarm:steam-predictor-sklearn-cpu-high",
            "comparison_operator": "GreaterThanThreshold",
            "datapoints_to_alarm": 0,
            "dimensions": {
              "ClusterName": "steam-predictor-cluster",
              "ServiceName": "steam-predictor-sklearn"
            },
            "evaluate_low_sample_count_percentiles": "",
            "evaluation_periods": 2,
            "extended_statistic": "",
            "id": "steam-predictor-sklearn-cpu-high",
            "insufficient_data_actions": [],
            "metric_name": "CPUUtilization",
            "metric_query": [],
            "namespace": "AWS/ECS",
            "ok_actions": [],
            "period": 60,
            "region": "ap-southeast-2",
            "statistic": "Average",
            "tags": {
              "project": "steam-market-predictor",
              "purpose": "assessment3",
              "qut-username": "n11275561@qut.edu.au",
              "qut-username2": "n11803444@qut.edu.au"
            },
            "tags_all": {
              "project": "steam-market-predictor",
              "purpose": "assessment3",
              "qut-username": "n11275561@qut.edu.au",
              "qut-username2": "n11803444@qut.edu.au"
            },
            "threshold": 70,
            "threshold_metric_id": "",
            "treat_missing_data": "notBreaching",
            "unit": ""
          },
          "sensitive_attributes": [],
          "identity_schema_version": 0,
          "identity": {
            "account_id": "901444280953",
            "alarm_name": "steam-predictor-sklearn-cpu-high",
            "region": "ap-southeast-2"
          },
          "private": "eyJzY2hlbWFfdmVyc2lvbiI6IjEifQ==",
          "dependencies": [
            "aws_appautoscaling_policy.sklearn_cpu_scale_up",
            "aws_appautoscaling_target.sklearn_target",
            "aws_ecs_cluster.main",
            "aws_ecs_service.sklearn",
            "aws_ecs_task_definition.sklearn",
            "data.aws_iam_role.ecs_execution",
            "data.aws_iam_role.task_role",
            "data.aws_security_group.default",
            "data.aws_subnets.default",
            "data.aws_vpc.main"
          ]
        }
      ]
    },
    {
      "mode": "managed",
      "type": "aws_cloudwatch_metric_alarm",
      "name": "sklearn_cpu_low",
      "provider": "provider[\"registry.terraform.io/hashicorp/aws\"]",
      "instances": [
        {
          "schema_version": 1,
          "attributes": {
            "actions_enabled": true,
            "alarm_actions": [
              "arn:aws:autoscaling:ap-southeast-2:901444280953:scalingPolicy:67981019-6e21-4bac-b588-eda488836263:resource/ecs/service/steam-predictor-cluster/steam-predictor-sklearn:policyName/steam-predictor-sklearn-cpu-scale-down"
            ],
            "alarm_description": "Scale down when CPU utilization is below 30%",
            "alarm_name": "steam-predictor-sklearn-cpu-low",
            "arn": "arn:aws:cloudwatch:ap-southeast-2:901444280953:alarm:steam-predictor-sklearn-cpu-low",
            "comparison_operator": "LessThanThreshold",
            "datapoints_to_alarm": 0,
            "dimensions": {
              "ClusterName": "steam-predictor-cluster",
              "ServiceName": "steam-predictor-sklearn"
            },
            "evaluate_low_sample_count_percentiles": "",
            "evaluation_periods": 5,
            "extended_statistic": "",
            "id": "steam-predictor-sklearn-cpu-low",
            "insufficient_data_actions": [],
            "metric_name": "CPUUtilization",
            "metric_query": [],
            "namespace": "AWS/ECS",
            "ok_actions": [],
            "period": 60,
            "region": "ap-southeast-2",
            "statistic": "Average",
            "tags": {
              "project": "steam-market-predictor",
              "purpose": "assessment3",
              "qut-username": "n11275561@qut.edu.au",
              "qut-username2": "n11803444@qut.edu.au"
            },
            "tags_all": {
              "project": "steam-market-predictor",
              "purpose": "assessment3",
              "qut-username": "n11275561@qut.edu.au",
              "qut-username2": "n11803444@qut.edu.au"
            },
            "threshold": 30,
            "threshold_metric_id": "",
            "treat_missing_data": "notBreaching",
            "unit": ""
          },
          "sensitive_attributes": [],
          "identity_schema_version": 0,
          "identity": {
            "account_id": "901444280953",
            "alarm_name": "steam-predictor-sklearn-cpu-low",
            "region": "ap-southeast-2"
          },
          "private": "eyJzY2hlbWFfdmVyc2lvbiI6IjEifQ==",
          "dependencies": [
            "aws_appautoscaling_policy.sklearn_cpu_scale_down",
            "aws_appautoscaling_target.sklearn_target",
            "aws_ecs_cluster.main",
            "aws_ecs_service.sklearn",
            "aws_ecs_task_definition.sklearn",
            "data.aws_iam_role.ecs_execution",
            "data.aws_iam_role.task_role",
            "data.aws_security_group.default",
            "data.aws_subnets.default",
            "data.aws_vpc.main"
          ]
        }
      ]
    },
    {
      "mode": "managed",
      "type": "aws_cloudwatch_metric_alarm",
      "name": "sklearn_memory_high",
      "provider": "provider[\"registry.terraform.io/hashicorp/aws\"]",
      "instances": [
        {
          "schema_version": 1,
          "attributes": {
            "actions_enabled": true,
            "alarm_actions": [
              "arn:aws:autoscaling:ap-southeast-2:901444280953:scalingPolicy:67981019-6e21-4bac-b588-eda488836263:resource/ecs/service/steam-predictor-cluster/steam-predictor-sklearn:policyName/steam-predictor-sklearn-memory-scale-up"
            ],
            "alarm_description": "Scale up when memory utilization exceeds 80%",
            "alarm_name": "steam-predictor-sklearn-memory-high",
            "arn": "arn:aws:cloudwatch:ap-southeast-2:901444280953:alarm:steam-predictor-sklearn-memory-high",
            "comparison_operator": "GreaterThanThreshold",
            "datapoints_to_alarm": 0,
            "dimensions": {
              "ClusterName": "steam-predictor-cluster",
              "ServiceName": "steam-predictor-sklearn"
            },
            "evaluate_low_sample_count_percentiles": "",
            "evaluation_periods": 2,
            "extended_statistic": "",
            "id": "steam-predictor-sklearn-memory-high",
            "insufficient_data_actions": [],
            "metric_name": "MemoryUtilization",
            "metric_query": [],
            "namespace": "AWS/ECS",
            "ok_actions": [],
            "period": 60,
            "region": "ap-southeast-2",
            "statistic": "Average",
            "tags": {
              "project": "steam-market-predictor",
              "purpose": "assessment3",
              "qut-username": "n11275561@qut.edu.au",
              "qut-username2": "n11803444@qut.edu.au"
            },
            "tags_all": {
              "project": "steam-market-predictor",
              "purpose": "assessment3",
              "qut-username": "n11275561@qut.edu.au",
              "qut-username2": "n11803444@qut.edu.au"
            },
            "threshold": 80,
            "threshold_metric_id": "",
            "treat_missing_data": "notBreaching",
            "unit": ""
          },
          "sensitive_attributes": [],
          "identity_schema_version": 0,
          "identity": {
            "account_id": "901444280953",
            "alarm_name": "steam-predictor-sklearn-memory-high",
            "region": "ap-southeast-2"
          },
          "private": "eyJzY2hlbWFfdmVyc2lvbiI6IjEifQ==",
          "dependencies": [
            "aws_appautoscaling_policy.sklearn_memory_scale_up",
            "aws_appautoscaling_target.sklearn_target",
            "aws_ecs_cluster.main",
            "aws_ecs_service.sklearn",
            "aws_ecs_task_definition.sklearn",
            "data.aws_iam_role.ecs_execution",
            "data.aws_iam_role.task_role",
            "data.aws_security_group.default",
            "data.aws_subnets.default",
            "data.aws_vpc.main"
          ]
        }
      ]
    },
    {
      "mode": "managed",
      "type": "aws_ecr_repository",
      "name": "steam_predictor_api",
      "provider": "provider[\"registry.terraform.io/hashicorp/aws\"]",
      "instances": [
        {
          "schema_version": 0,
          "attributes": {
            "arn": "arn:aws:ecr:ap-southeast-2:901444280953:repository/steam-predictor-api",
            "encryption_configuration": [
              {
                "encryption_type": "AES256",
                "kms_key": ""
              }
            ],
            "force_delete": true,
            "id": "steam-predictor-api",
            "image_scanning_configuration": [
              {
                "scan_on_push": true
              }
            ],
            "image_tag_mutability": "MUTABLE",
            "image_tag_mutability_exclusion_filter": [],
            "name": "steam-predictor-api",
            "region": "ap-southeast-2",
            "registry_id": "901444280953",
            "repository_url": "901444280953.dkr.ecr.ap-southeast-2.amazonaws.com/steam-predictor-api",
            "tags": {
              "project": "steam-market-predictor",
              "purpose": "assessment3",
              "qut-username": "n11275561@qut.edu.au",
              "qut-username2": "n11803444@qut.edu.au"
            },
            "tags_all": {
              "project": "steam-market-predictor",
              "purpose": "assessment3",
              "qut-username": "n11275561@qut.edu.au",
              "qut-username2": "n11803444@qut.edu.au"
            },
            "timeouts": null
          },
          "sensitive_attributes": [],
          "identity_schema_version": 0,
          "identity": {
            "account_id": "901444280953",
            "name": "steam-predictor-api",
            "region": "ap-southeast-2"
          },
          "private": "eyJlMmJmYjczMC1lY2FhLTExZTYtOGY4OC0zNDM2M2JjN2M0YzAiOnsiZGVsZXRlIjoxMjAwMDAwMDAwMDAwfX0="
        }
      ]
    },
    {
      "mode": "managed",
      "type": "aws_ecr_repository",
      "name": "steam_predictor_redis",
      "provider": "provider[\"registry.terraform.io/hashicorp/aws\"]",
      "instances": [
        {
          "schema_version": 0,
          "attributes": {
            "arn": "arn:aws:ecr:ap-southeast-2:901444280953:repository/steam-predictor-redis",
            "encryption_configuration": [
              {
                "encryption_type": "AES256",
                "kms_key": ""
              }
            ],
            "force_delete": true,
            "id": "steam-predictor-redis",
            "image_scanning_configuration": [
              {
                "scan_on_push": true
              }
            ],
            "image_tag_mutability": "MUTABLE",
            "image_tag_mutability_exclusion_filter": [],
            "name": "steam-predictor-redis",
            "region": "ap-southeast-2",
            "registry_id": "901444280953",
            "repository_url": "901444280953.dkr.ecr.ap-southeast-2.amazonaws.com/steam-predictor-redis",
            "tags": {
              "project": "steam-market-predictor",
              "purpose": "assessment3",
              "qut-username": "n11275561@qut.edu.au",
              "qut-username2": "n11803444@qut.edu.au"
            },
            "tags_all": {
              "project": "steam-market-predictor",
              "purpose": "assessment3",
              "qut-username": "n11275561@qut.edu.au",
              "qut-username2": "n11803444@qut.edu.au"
            },
            "timeouts": null
          },
          "sensitive_attributes": [],
          "identity_schema_version": 0,
          "identity": {
            "account_id": "901444280953",
            "name": "steam-predictor-redis",
            "region": "ap-southeast-2"
          },
          "private": "eyJlMmJmYjczMC1lY2FhLTExZTYtOGY4OC0zNDM2M2JjN2M0YzAiOnsiZGVsZXRlIjoxMjAwMDAwMDAwMDAwfX0="
        }
      ]
    },
    {
      "mode": "managed",
      "type": "aws_ecr_repository",
      "name": "steam_predictor_sklearn",
      "provider": "provider[\"registry.terraform.io/hashicorp/aws\"]",
      "instances": [
        {
          "schema_version": 0,
          "attributes": {
            "arn": "arn:aws:ecr:ap-southeast-2:901444280953:repository/steam-predictor-sklearn",
            "encryption_configuration": [
              {
                "encryption_type": "AES256",
                "kms_key": ""
              }
            ],
            "force_delete": true,
            "id": "steam-predictor-sklearn",
            "image_scanning_configuration": [
              {
                "scan_on_push": true
              }
            ],
            "image_tag_mutability": "MUTABLE",
            "image_tag_mutability_exclusion_filter": [],
            "name": "steam-predictor-sklearn",
            "region": "ap-southeast-2",
            "registry_id": "901444280953",
            "repository_url": "901444280953.dkr.ecr.ap-southeast-2.amazonaws.com/steam-predictor-sklearn",
            "tags": {
              "project": "steam-market-predictor",
              "purpose": "assessment3",
              "qut-username": "n11275561@qut.edu.au",
              "qut-username2": "n11803444@qut.edu.au"
            },
            "tags_all": {
              "project": "steam-market-predictor",
              "purpose": "assessment3",
              "qut-username": "n11275561@qut.edu.au",
              "qut-username2": "n11803444@qut.edu.au"
            },
            "timeouts": null
          },
          "sensitive_attributes": [],
          "identity_schema_version": 0,
          "identity": {
            "account_id": "901444280953",
            "name": "steam-predictor-sklearn",
            "region": "ap-southeast-2"
          },
          "private": "eyJlMmJmYjczMC1lY2FhLTExZTYtOGY4OC0zNDM2M2JjN2M0YzAiOnsiZGVsZXRlIjoxMjAwMDAwMDAwMDAwfX0="
        }
      ]
    },
    {
      "mode": "managed",
      "type": "aws_ecr_repository",
      "name": "steam_predictor_web",
      "provider": "provider[\"registry.terraform.io/hashicorp/aws\"]",
      "instances": [
        {
          "schema_version": 0,
          "attributes": {
            "arn": "arn:aws:ecr:ap-southeast-2:901444280953:repository/steam-predictor-web",
            "encryption_configuration": [
              {
                "encryption_type": "AES256",
                "kms_key": ""
              }
            ],
            "force_delete": true,
            "id": "steam-predictor-web",
            "image_scanning_configuration": [
              {
                "scan_on_push": true
              }
            ],
            "image_tag_mutability": "MUTABLE",
            "image_tag_mutability_exclusion_filter": [],
            "name": "steam-predictor-web",
            "region": "ap-southeast-2",
            "registry_id": "901444280953",
            "repository_url": "901444280953.dkr.ecr.ap-southeast-2.amazonaws.com/steam-predictor-web",
            "tags": {
              "project": "steam-market-predictor",
              "purpose": "assessment3",
              "qut-username": "n11275561@qut.edu.au",
              "qut-username2": "n11803444@qut.edu.au"
            },
            "tags_all": {
              "project": "steam-market-predictor",
              "purpose": "assessment3",
              "qut-username": "n11275561@qut.edu.au",
              "qut-username2": "n11803444@qut.edu.au"
            },
            "timeouts": null
          },
          "sensitive_attributes": [],
          "identity_schema_version": 0,
          "identity": {
            "account_id": "901444280953",
            "name": "steam-predictor-web",
            "region": "ap-southeast-2"
          },
          "private": "eyJlMmJmYjczMC1lY2FhLTExZTYtOGY4OC0zNDM2M2JjN2M0YzAiOnsiZGVsZXRlIjoxMjAwMDAwMDAwMDAwfX0="
        }
      ]
    },
    {
      "mode": "managed",
      "type": "aws_ecs_cluster",
      "name": "main",
      "provider": "provider[\"registry.terraform.io/hashicorp/aws\"]",
      "instances": [
        {
          "schema_version": 0,
          "attributes": {
            "arn": "arn:aws:ecs:ap-southeast-2:901444280953:cluster/steam-predictor-cluster",
            "configuration": [],
            "id": "arn:aws:ecs:ap-southeast-2:901444280953:cluster/steam-predictor-cluster",
            "name": "steam-predictor-cluster",
            "region": "ap-southeast-2",
            "service_connect_defaults": [],
            "setting": [
              {
                "name": "containerInsights",
                "value": "enabled"
              }
            ],
            "tags": {
              "project": "steam-market-predictor",
              "purpose": "assessment3",
              "qut-username": "n11275561@qut.edu.au",
              "qut-username2": "n11803444@qut.edu.au"
            },
            "tags_all": {
              "project": "steam-market-predictor",
              "purpose": "assessment3",
              "qut-username": "n11275561@qut.edu.au",
              "qut-username2": "n11803444@qut.edu.au"
            }
          },
          "sensitive_attributes": [],
          "identity_schema_version": 0,
          "private": "bnVsbA=="
        }
      ]
    },
    {
      "mode": "managed",
      "type": "aws_ecs_service",
      "name": "api",
      "provider": "provider[\"registry.terraform.io/hashicorp/aws\"]",
      "instances": [
        {
          "schema_version": 1,
          "attributes": {
            "alarms": [],
            "arn": "arn:aws:ecs:ap-southeast-2:901444280953:service/steam-predictor-cluster/steam-predictor-api",
            "availability_zone_rebalancing": "ENABLED",
            "capacity_provider_strategy": [],
            "cluster": "arn:aws:ecs:ap-southeast-2:901444280953:cluster/steam-predictor-cluster",
            "deployment_circuit_breaker": [
              {
                "enable": false,
                "rollback": false
              }
            ],
            "deployment_configuration": [
              {
                "bake_time_in_minutes": "0",
                "lifecycle_hook": [],
                "strategy": "ROLLING"
              }
            ],
            "deployment_controller": [
              {
                "type": "ECS"
              }
            ],
            "deployment_maximum_percent": 200,
            "deployment_minimum_healthy_percent": 100,
            "desired_count": 1,
            "enable_ecs_managed_tags": false,
            "enable_execute_command": true,
            "force_delete": null,
            "force_new_deployment": true,
            "health_check_grace_period_seconds": 0,
            "iam_role": "/aws-service-role/ecs.amazonaws.com/AWSServiceRoleForECS",
            "id": "arn:aws:ecs:ap-southeast-2:901444280953:service/steam-predictor-cluster/steam-predictor-api",
            "launch_type": "FARGATE",
            "load_balancer": [
              {
                "advanced_configuration": [],
                "container_name": "api",
                "container_port": 3010,
                "elb_name": "",
                "target_group_arn": "arn:aws:elasticloadbalancing:ap-southeast-2:901444280953:targetgroup/steam-predictor-api-loadb/691cae18d3b4e4c3"
              }
            ],
            "name": "steam-predictor-api",
            "network_configuration": [
              {
                "assign_public_ip": true,
                "security_groups": [
                  "sg-032bd1ff8cf77dbb9"
                ],
                "subnets": [
                  "subnet-04ca053dcbe5f49cc",
                  "subnet-04cc288ea3b2e1e53",
                  "subnet-05a3b8177138c8b14",
                  "subnet-05d0352bb15852524",
                  "subnet-075811427d5564cf9",
                  "subnet-07ea9e4f9cc9159ca",
                  "subnet-08e89ff0d9b49c9ae"
                ]
              }
            ],
            "ordered_placement_strategy": [],
            "placement_constraints": [],
            "platform_version": "LATEST",
            "propagate_tags": "NONE",
            "region": "ap-southeast-2",
            "scheduling_strategy": "REPLICA",
            "service_connect_configuration": [
              {
                "enabled": true,
                "log_configuration": [],
                "namespace": "arn:aws:servicediscovery:ap-southeast-2:901444280953:namespace/ns-xnzxrwi3zj6tlv75",
                "service": [
                  {
                    "client_alias": [
                      {
                        "dns_name": "api",
                        "port": 3010,
                        "test_traffic_rules": []
                      }
                    ],
                    "discovery_name": "api",
                    "ingress_port_override": 0,
                    "port_name": "api",
                    "timeout": [],
                    "tls": []
                  }
                ]
              }
            ],
            "service_registries": [],
            "sigint_rollback": null,
            "tags": {
              "project": "steam-market-predictor",
              "purpose": "assessment3",
              "qut-username": "n11275561@qut.edu.au",
              "qut-username2": "n11803444@qut.edu.au"
            },
            "tags_all": {
              "project": "steam-market-predictor",
              "purpose": "assessment3",
              "qut-username": "n11275561@qut.edu.au",
              "qut-username2": "n11803444@qut.edu.au"
            },
            "task_definition": "arn:aws:ecs:ap-southeast-2:901444280953:task-definition/steam-predictor-api:25",
            "timeouts": null,
            "triggers": {},
            "volume_configuration": [],
            "vpc_lattice_configurations": [],
            "wait_for_steady_state": false
          },
          "sensitive_attributes": [],
          "identity_schema_version": 0,
          "private": "eyJlMmJmYjczMC1lY2FhLTExZTYtOGY4OC0zNDM2M2JjN2M0YzAiOnsiY3JlYXRlIjoxMjAwMDAwMDAwMDAwLCJkZWxldGUiOjEyMDAwMDAwMDAwMDAsInVwZGF0ZSI6MTIwMDAwMDAwMDAwMH0sInNjaGVtYV92ZXJzaW9uIjoiMSJ9",
          "dependencies": [
            "aws_ecs_cluster.main",
            "aws_ecs_task_definition.api",
            "aws_lb_target_group.api",
            "data.aws_iam_role.ecs_execution",
            "data.aws_iam_role.task_role",
            "data.aws_security_group.default",
            "data.aws_subnets.default",
            "data.aws_vpc.main"
          ]
        }
      ]
    },
    {
      "mode": "managed",
      "type": "aws_ecs_service",
      "name": "redis",
      "provider": "provider[\"registry.terraform.io/hashicorp/aws\"]",
      "instances": [
        {
          "schema_version": 1,
          "attributes": {
            "alarms": [],
            "arn": "arn:aws:ecs:ap-southeast-2:901444280953:service/steam-predictor-cluster/steam-predictor-redis",
            "availability_zone_rebalancing": "ENABLED",
            "capacity_provider_strategy": [],
            "cluster": "arn:aws:ecs:ap-southeast-2:901444280953:cluster/steam-predictor-cluster",
            "deployment_circuit_breaker": [
              {
                "enable": false,
                "rollback": false
              }
            ],
            "deployment_configuration": [
              {
                "bake_time_in_minutes": "0",
                "lifecycle_hook": [],
                "strategy": "ROLLING"
              }
            ],
            "deployment_controller": [
              {
                "type": "ECS"
              }
            ],
            "deployment_maximum_percent": 200,
            "deployment_minimum_healthy_percent": 100,
            "desired_count": 1,
            "enable_ecs_managed_tags": false,
            "enable_execute_command": true,
            "force_delete": null,
            "force_new_deployment": true,
            "health_check_grace_period_seconds": 0,
            "iam_role": "/aws-service-role/ecs.amazonaws.com/AWSServiceRoleForECS",
            "id": "arn:aws:ecs:ap-southeast-2:901444280953:service/steam-predictor-cluster/steam-predictor-redis",
            "launch_type": "FARGATE",
            "load_balancer": [],
            "name": "steam-predictor-redis",
            "network_configuration": [
              {
                "assign_public_ip": false,
                "security_groups": [
                  "sg-032bd1ff8cf77dbb9"
                ],
                "subnets": [
                  "subnet-04ca053dcbe5f49cc",
                  "subnet-04cc288ea3b2e1e53",
                  "subnet-05a3b8177138c8b14",
                  "subnet-05d0352bb15852524",
                  "subnet-075811427d5564cf9",
                  "subnet-07ea9e4f9cc9159ca",
                  "subnet-08e89ff0d9b49c9ae"
                ]
              }
            ],
            "ordered_placement_strategy": [],
            "placement_constraints": [],
            "platform_version": "LATEST",
            "propagate_tags": "NONE",
            "region": "ap-southeast-2",
            "scheduling_strategy": "REPLICA",
            "service_connect_configuration": [
              {
                "enabled": true,
                "log_configuration": [],
                "namespace": "arn:aws:servicediscovery:ap-southeast-2:901444280953:namespace/ns-xnzxrwi3zj6tlv75",
                "service": [
                  {
                    "client_alias": [
                      {
                        "dns_name": "redis",
                        "port": 6379,
                        "test_traffic_rules": []
                      }
                    ],
                    "discovery_name": "redis",
                    "ingress_port_override": 0,
                    "port_name": "redis",
                    "timeout": [],
                    "tls": []
                  }
                ]
              }
            ],
            "service_registries": [],
            "sigint_rollback": null,
            "tags": {
              "project": "steam-market-predictor",
              "purpose": "assessment3",
              "qut-username": "n11275561@qut.edu.au",
              "qut-username2": "n11803444@qut.edu.au"
            },
            "tags_all": {
              "project": "steam-market-predictor",
              "purpose": "assessment3",
              "qut-username": "n11275561@qut.edu.au",
              "qut-username2": "n11803444@qut.edu.au"
            },
            "task_definition": "arn:aws:ecs:ap-southeast-2:901444280953:task-definition/steam-predictor-redis:8",
            "timeouts": null,
            "triggers": {},
            "volume_configuration": [],
            "vpc_lattice_configurations": [],
            "wait_for_steady_state": false
          },
          "sensitive_attributes": [],
          "identity_schema_version": 0,
          "private": "eyJlMmJmYjczMC1lY2FhLTExZTYtOGY4OC0zNDM2M2JjN2M0YzAiOnsiY3JlYXRlIjoxMjAwMDAwMDAwMDAwLCJkZWxldGUiOjEyMDAwMDAwMDAwMDAsInVwZGF0ZSI6MTIwMDAwMDAwMDAwMH0sInNjaGVtYV92ZXJzaW9uIjoiMSJ9",
          "dependencies": [
            "aws_ecs_cluster.main",
            "aws_ecs_task_definition.redis",
            "data.aws_iam_role.ecs_execution",
            "data.aws_iam_role.task_role",
            "data.aws_security_group.default",
            "data.aws_subnets.default",
            "data.aws_vpc.main"
          ]
        }
      ]
    },
    {
      "mode": "managed",
      "type": "aws_ecs_service",
      "name": "sklearn",
      "provider": "provider[\"registry.terraform.io/hashicorp/aws\"]",
      "instances": [
        {
          "schema_version": 1,
          "attributes": {
            "alarms": [],
            "arn": "arn:aws:ecs:ap-southeast-2:901444280953:service/steam-predictor-cluster/steam-predictor-sklearn",
            "availability_zone_rebalancing": "ENABLED",
            "capacity_provider_strategy": [],
            "cluster": "arn:aws:ecs:ap-southeast-2:901444280953:cluster/steam-predictor-cluster",
            "deployment_circuit_breaker": [
              {
                "enable": false,
                "rollback": false
              }
            ],
            "deployment_configuration": [
              {
                "bake_time_in_minutes": "0",
                "lifecycle_hook": [],
                "strategy": "ROLLING"
              }
            ],
            "deployment_controller": [
              {
                "type": "ECS"
              }
            ],
            "deployment_maximum_percent": 200,
            "deployment_minimum_healthy_percent": 100,
            "desired_count": 1,
            "enable_ecs_managed_tags": false,
            "enable_execute_command": true,
            "force_delete": null,
            "force_new_deployment": true,
            "health_check_grace_period_seconds": 0,
            "iam_role": "/aws-service-role/ecs.amazonaws.com/AWSServiceRoleForECS",
            "id": "arn:aws:ecs:ap-southeast-2:901444280953:service/steam-predictor-cluster/steam-predictor-sklearn",
            "launch_type": "FARGATE",
            "load_balancer": [],
            "name": "steam-predictor-sklearn",
            "network_configuration": [
              {
                "assign_public_ip": true,
                "security_groups": [
                  "sg-032bd1ff8cf77dbb9"
                ],
                "subnets": [
                  "subnet-04ca053dcbe5f49cc",
                  "subnet-04cc288ea3b2e1e53",
                  "subnet-05a3b8177138c8b14",
                  "subnet-05d0352bb15852524",
                  "subnet-075811427d5564cf9",
                  "subnet-07ea9e4f9cc9159ca",
                  "subnet-08e89ff0d9b49c9ae"
                ]
              }
            ],
            "ordered_placement_strategy": [],
            "placement_constraints": [],
            "platform_version": "LATEST",
            "propagate_tags": "NONE",
            "region": "ap-southeast-2",
            "scheduling_strategy": "REPLICA",
            "service_connect_configuration": [
              {
                "enabled": true,
                "log_configuration": [],
                "namespace": "arn:aws:servicediscovery:ap-southeast-2:901444280953:namespace/ns-xnzxrwi3zj6tlv75",
                "service": [
                  {
                    "client_alias": [
                      {
                        "dns_name": "sklearn",
                        "port": 3008,
                        "test_traffic_rules": []
                      }
                    ],
                    "discovery_name": "sklearn",
                    "ingress_port_override": 0,
                    "port_name": "sklearn",
                    "timeout": [],
                    "tls": []
                  }
                ]
              }
            ],
            "service_registries": [],
            "sigint_rollback": null,
            "tags": {
              "project": "steam-market-predictor",
              "purpose": "assessment3",
              "qut-username": "n11275561@qut.edu.au",
              "qut-username2": "n11803444@qut.edu.au"
            },
            "tags_all": {
              "project": "steam-market-predictor",
              "purpose": "assessment3",
              "qut-username": "n11275561@qut.edu.au",
              "qut-username2": "n11803444@qut.edu.au"
            },
            "task_definition": "arn:aws:ecs:ap-southeast-2:901444280953:task-definition/steam-predictor-sklearn:32",
            "timeouts": null,
            "triggers": {},
            "volume_configuration": [],
            "vpc_lattice_configurations": [],
            "wait_for_steady_state": false
          },
          "sensitive_attributes": [],
          "identity_schema_version": 0,
          "private": "eyJlMmJmYjczMC1lY2FhLTExZTYtOGY4OC0zNDM2M2JjN2M0YzAiOnsiY3JlYXRlIjoxMjAwMDAwMDAwMDAwLCJkZWxldGUiOjEyMDAwMDAwMDAwMDAsInVwZGF0ZSI6MTIwMDAwMDAwMDAwMH0sInNjaGVtYV92ZXJzaW9uIjoiMSJ9",
          "dependencies": [
            "aws_ecs_cluster.main",
            "aws_ecs_task_definition.sklearn",
            "data.aws_iam_role.ecs_execution",
            "data.aws_iam_role.task_role",
            "data.aws_security_group.default",
            "data.aws_subnets.default",
            "data.aws_vpc.main"
          ]
        }
      ]
    },
    {
      "mode": "managed",
      "type": "aws_ecs_service",
      "name": "web",
      "provider": "provider[\"registry.terraform.io/hashicorp/aws\"]",
      "instances": [
        {
          "schema_version": 1,
          "attributes": {
            "alarms": [],
            "arn": "arn:aws:ecs:ap-southeast-2:901444280953:service/steam-predictor-cluster/steam-predictor-web",
            "availability_zone_rebalancing": "ENABLED",
            "capacity_provider_strategy": [],
            "cluster": "arn:aws:ecs:ap-southeast-2:901444280953:cluster/steam-predictor-cluster",
            "deployment_circuit_breaker": [
              {
                "enable": false,
                "rollback": false
              }
            ],
            "deployment_configuration": [
              {
                "bake_time_in_minutes": "0",
                "lifecycle_hook": [],
                "strategy": "ROLLING"
              }
            ],
            "deployment_controller": [
              {
                "type": "ECS"
              }
            ],
            "deployment_maximum_percent": 200,
            "deployment_minimum_healthy_percent": 100,
            "desired_count": 1,
            "enable_ecs_managed_tags": false,
            "enable_execute_command": true,
            "force_delete": null,
            "force_new_deployment": true,
            "health_check_grace_period_seconds": 0,
            "iam_role": "/aws-service-role/ecs.amazonaws.com/AWSServiceRoleForECS",
            "id": "arn:aws:ecs:ap-southeast-2:901444280953:service/steam-predictor-cluster/steam-predictor-web",
            "launch_type": "FARGATE",
            "load_balancer": [
              {
                "advanced_configuration": [],
                "container_name": "web",
                "container_port": 3009,
                "elb_name": "",
                "target_group_arn": "arn:aws:elasticloadbalancing:ap-southeast-2:901444280953:targetgroup/steam-predictor-web-loadb/e140bc8d18dae95d"
              }
            ],
            "name": "steam-predictor-web",
            "network_configuration": [
              {
                "assign_public_ip": true,
                "security_groups": [
                  "sg-032bd1ff8cf77dbb9"
                ],
                "subnets": [
                  "subnet-04ca053dcbe5f49cc",
                  "subnet-04cc288ea3b2e1e53",
                  "subnet-05a3b8177138c8b14",
                  "subnet-05d0352bb15852524",
                  "subnet-075811427d5564cf9",
                  "subnet-07ea9e4f9cc9159ca",
                  "subnet-08e89ff0d9b49c9ae"
                ]
              }
            ],
            "ordered_placement_strategy": [],
            "placement_constraints": [],
            "platform_version": "LATEST",
            "propagate_tags": "NONE",
            "region": "ap-southeast-2",
            "scheduling_strategy": "REPLICA",
            "service_connect_configuration": [
              {
                "enabled": true,
                "log_configuration": [],
                "namespace": "arn:aws:servicediscovery:ap-southeast-2:901444280953:namespace/ns-xnzxrwi3zj6tlv75",
                "service": [
                  {
                    "client_alias": [
                      {
                        "dns_name": "web",
                        "port": 3009,
                        "test_traffic_rules": []
                      }
                    ],
                    "discovery_name": "web",
                    "ingress_port_override": 0,
                    "port_name": "web",
                    "timeout": [],
                    "tls": []
                  }
                ]
              }
            ],
            "service_registries": [],
            "sigint_rollback": null,
            "tags": {
              "project": "steam-market-predictor",
              "purpose": "assessment3",
              "qut-username": "n11275561@qut.edu.au",
              "qut-username2": "n11803444@qut.edu.au"
            },
            "tags_all": {
              "project": "steam-market-predictor",
              "purpose": "assessment3",
              "qut-username": "n11275561@qut.edu.au",
              "qut-username2": "n11803444@qut.edu.au"
            },
            "task_definition": "arn:aws:ecs:ap-southeast-2:901444280953:task-definition/steam-predictor-web:27",
            "timeouts": null,
            "triggers": {},
            "volume_configuration": [],
            "vpc_lattice_configurations": [],
            "wait_for_steady_state": false
          },
          "sensitive_attributes": [],
          "identity_schema_version": 0,
          "private": "eyJlMmJmYjczMC1lY2FhLTExZTYtOGY4OC0zNDM2M2JjN2M0YzAiOnsiY3JlYXRlIjoxMjAwMDAwMDAwMDAwLCJkZWxldGUiOjEyMDAwMDAwMDAwMDAsInVwZGF0ZSI6MTIwMDAwMDAwMDAwMH0sInNjaGVtYV92ZXJzaW9uIjoiMSJ9",
          "dependencies": [
            "aws_ecs_cluster.main",
            "aws_ecs_task_definition.web",
            "aws_lb_target_group.web",
            "data.aws_iam_role.ecs_execution",
            "data.aws_iam_role.task_role",
            "data.aws_security_group.default",
            "data.aws_subnets.default",
            "data.aws_vpc.main"
          ]
        }
      ]
    },
    {
      "mode": "managed",
      "type": "aws_ecs_task_definition",
      "name": "api",
      "provider": "provider[\"registry.terraform.io/hashicorp/aws\"]",
      "instances": [
        {
          "schema_version": 1,
          "attributes": {
            "arn": "arn:aws:ecs:ap-southeast-2:901444280953:task-definition/steam-predictor-api:25",
            "arn_without_revision": "arn:aws:ecs:ap-southeast-2:901444280953:task-definition/steam-predictor-api",
            "container_definitions": "[{\"environment\":[{\"name\":\"API_DOCKER_IMAGE\",\"value\":\"901444280953.dkr.ecr.ap-southeast-2.amazonaws.com/steam-predictor-api:latest\"},{\"name\":\"AWS_REGION\",\"value\":\"ap-southeast-2\"},{\"name\":\"LOCAL_STORAGE\",\"value\":\"false\"},{\"name\":\"ML_PORT\",\"value\":\"3008\"},{\"name\":\"PROJECT_NAME\",\"value\":\"steam-predictor\"},{\"name\":\"REDIS_DB\",\"value\":\"0\"},{\"name\":\"REDIS_DOCKER_IMAGE\",\"value\":\"901444280953.dkr.ecr.ap-southeast-2.amazonaws.com/steam-predictor-redis:latest\"},{\"name\":\"REDIS_HOST\",\"value\":\"redis\"},{\"name\":\"REDIS_PASSWORD\",\"value\":\"\"},{\"name\":\"REDIS_PORT\",\"value\":\"6379\"},{\"name\":\"RESET_DATABASE\",\"value\":\"false\"},{\"name\":\"SITE_PORT\",\"value\":\"3010\"},{\"name\":\"SKLEARN_DOCKER_IMAGE\",\"value\":\"901444280953.dkr.ecr.ap-southeast-2.amazonaws.com/steam-predictor-sklearn:latest\"},{\"name\":\"SKLEARN_SERVICE_URL\",\"value\":\"http://sklearn:3008\"},{\"name\":\"SQS_DLQ_URL\",\"value\":\"https://sqs.ap-southeast-2.amazonaws.com/901444280953/steam-predictor-ml-jobs-dlq\"},{\"name\":\"SQS_QUEUE_URL\",\"value\":\"https://sqs.ap-southeast-2.amazonaws.com/901444280953/steam-predictor-ml-jobs-queue\"},{\"name\":\"WEB_DOCKER_IMAGE\",\"value\":\"901444280953.dkr.ecr.ap-southeast-2.amazonaws.com/steam-predictor-web:latest\"},{\"name\":\"WEB_PORT\",\"value\":\"3009\"}],\"essential\":true,\"healthCheck\":{\"command\":[\"CMD-SHELL\",\"curl -f http://localhost:3010/health || exit 1\"],\"interval\":30,\"retries\":3,\"startPeriod\":30,\"timeout\":5},\"image\":\"901444280953.dkr.ecr.ap-southeast-2.amazonaws.com/steam-predictor-api:latest\",\"mountPoints\":[],\"name\":\"api\",\"portMappings\":[{\"containerPort\":3010,\"hostPort\":3010,\"name\":\"api\",\"protocol\":\"tcp\"}],\"systemControls\":[],\"volumesFrom\":[]}]",
            "cpu": "512",
            "enable_fault_injection": false,
            "ephemeral_storage": [],
            "execution_role_arn": "arn:aws:iam::901444280953:role/Execution-Role-CAB432-ECS",
            "family": "steam-predictor-api",
            "id": "steam-predictor-api",
            "ipc_mode": "",
            "memory": "1024",
            "network_mode": "awsvpc",
            "pid_mode": "",
            "placement_constraints": [],
            "proxy_configuration": [],
            "region": "ap-southeast-2",
            "requires_compatibilities": [
              "FARGATE"
            ],
            "revision": 25,
            "runtime_platform": [],
            "skip_destroy": false,
            "tags": {
              "project": "steam-market-predictor",
              "purpose": "assessment3",
              "qut-username": "n11275561@qut.edu.au",
              "qut-username2": "n11803444@qut.edu.au"
            },
            "tags_all": {
              "project": "steam-market-predictor",
              "purpose": "assessment3",
              "qut-username": "n11275561@qut.edu.au",
              "qut-username2": "n11803444@qut.edu.au"
            },
            "task_role_arn": "arn:aws:iam::901444280953:role/Task-Role-CAB432-ECS",
            "track_latest": false,
            "volume": []
          },
          "sensitive_attributes": [
            [
              {
                "type": "get_attr",
                "value": "container_definitions"
              }
            ]
          ],
          "identity_schema_version": 0,
          "private": "eyJzY2hlbWFfdmVyc2lvbiI6IjEifQ==",
          "dependencies": [
            "data.aws_iam_role.ecs_execution",
            "data.aws_iam_role.task_role"
          ]
        }
      ]
    },
    {
      "mode": "managed",
      "type": "aws_ecs_task_definition",
      "name": "redis",
      "provider": "provider[\"registry.terraform.io/hashicorp/aws\"]",
      "instances": [
        {
          "schema_version": 1,
          "attributes": {
            "arn": "arn:aws:ecs:ap-southeast-2:901444280953:task-definition/steam-predictor-redis:8",
            "arn_without_revision": "arn:aws:ecs:ap-southeast-2:901444280953:task-definition/steam-predictor-redis",
            "container_definitions": "[{\"command\":[\"redis-server\",\"--appendonly\",\"yes\",\"--maxmemory\",\"512mb\",\"--maxmemory-policy\",\"allkeys-lru\"],\"environment\":[],\"essential\":true,\"healthCheck\":{\"command\":[\"CMD\",\"redis-cli\",\"ping\"],\"interval\":30,\"retries\":3,\"startPeriod\":30,\"timeout\":5},\"image\":\"901444280953.dkr.ecr.ap-southeast-2.amazonaws.com/steam-predictor-redis:latest\",\"mountPoints\":[],\"name\":\"redis\",\"portMappings\":[{\"containerPort\":6379,\"hostPort\":6379,\"name\":\"redis\",\"protocol\":\"tcp\"}],\"systemControls\":[],\"volumesFrom\":[]}]",
            "cpu": "256",
            "enable_fault_injection": false,
            "ephemeral_storage": [],
            "execution_role_arn": "arn:aws:iam::901444280953:role/Execution-Role-CAB432-ECS",
            "family": "steam-predictor-redis",
            "id": "steam-predictor-redis",
            "ipc_mode": "",
            "memory": "512",
            "network_mode": "awsvpc",
            "pid_mode": "",
            "placement_constraints": [],
            "proxy_configuration": [],
            "region": "ap-southeast-2",
            "requires_compatibilities": [
              "FARGATE"
            ],
            "revision": 8,
            "runtime_platform": [],
            "skip_destroy": false,
            "tags": {
              "project": "steam-market-predictor",
              "purpose": "assessment3",
              "qut-username": "n11275561@qut.edu.au",
              "qut-username2": "n11803444@qut.edu.au"
            },
            "tags_all": {
              "project": "steam-market-predictor",
              "purpose": "assessment3",
              "qut-username": "n11275561@qut.edu.au",
              "qut-username2": "n11803444@qut.edu.au"
            },
            "task_role_arn": "arn:aws:iam::901444280953:role/Task-Role-CAB432-ECS",
            "track_latest": false,
            "volume": []
          },
          "sensitive_attributes": [],
          "identity_schema_version": 0,
          "private": "eyJzY2hlbWFfdmVyc2lvbiI6IjEifQ==",
          "dependencies": [
            "data.aws_iam_role.ecs_execution",
            "data.aws_iam_role.task_role"
          ]
        }
      ]
    },
    {
      "mode": "managed",
      "type": "aws_ecs_task_definition",
      "name": "sklearn",
      "provider": "provider[\"registry.terraform.io/hashicorp/aws\"]",
      "instances": [
        {
          "schema_version": 1,
          "attributes": {
            "arn": "arn:aws:ecs:ap-southeast-2:901444280953:task-definition/steam-predictor-sklearn:32",
            "arn_without_revision": "arn:aws:ecs:ap-southeast-2:901444280953:task-definition/steam-predictor-sklearn",
            "container_definitions": "[{\"command\":[\"tail\",\"-f\",\"/dev/null\"],\"environment\":[{\"name\":\"API_DOCKER_IMAGE\",\"value\":\"901444280953.dkr.ecr.ap-southeast-2.amazonaws.com/steam-predictor-api:latest\"},{\"name\":\"AWS_REGION\",\"value\":\"ap-southeast-2\"},{\"name\":\"LOCAL_STORAGE\",\"value\":\"false\"},{\"name\":\"ML_PORT\",\"value\":\"3008\"},{\"name\":\"PROJECT_NAME\",\"value\":\"steam-predictor\"},{\"name\":\"REDIS_DB\",\"value\":\"0\"},{\"name\":\"REDIS_DOCKER_IMAGE\",\"value\":\"901444280953.dkr.ecr.ap-southeast-2.amazonaws.com/steam-predictor-redis:latest\"},{\"name\":\"REDIS_HOST\",\"value\":\"redis\"},{\"name\":\"REDIS_PASSWORD\",\"value\":\"\"},{\"name\":\"REDIS_PORT\",\"value\":\"6379\"},{\"name\":\"RESET_DATABASE\",\"value\":\"false\"},{\"name\":\"SITE_PORT\",\"value\":\"3010\"},{\"name\":\"SKLEARN_DOCKER_IMAGE\",\"value\":\"901444280953.dkr.ecr.ap-southeast-2.amazonaws.com/steam-predictor-sklearn:latest\"},{\"name\":\"SKLEARN_SERVICE_URL\",\"value\":\"http://sklearn:3008\"},{\"name\":\"SQS_DLQ_URL\",\"value\":\"https://sqs.ap-southeast-2.amazonaws.com/901444280953/steam-predictor-ml-jobs-dlq\"},{\"name\":\"SQS_QUEUE_URL\",\"value\":\"https://sqs.ap-southeast-2.amazonaws.com/901444280953/steam-predictor-ml-jobs-queue\"},{\"name\":\"WEB_DOCKER_IMAGE\",\"value\":\"901444280953.dkr.ecr.ap-southeast-2.amazonaws.com/steam-predictor-web:latest\"},{\"name\":\"WEB_PORT\",\"value\":\"3009\"}],\"essential\":true,\"image\":\"901444280953.dkr.ecr.ap-southeast-2.amazonaws.com/steam-predictor-sklearn:latest\",\"mountPoints\":[],\"name\":\"sklearn\",\"portMappings\":[{\"containerPort\":3008,\"hostPort\":3008,\"name\":\"sklearn\",\"protocol\":\"tcp\"}],\"systemControls\":[],\"volumesFrom\":[]}]",
            "cpu": "1024",
            "enable_fault_injection": false,
            "ephemeral_storage": [],
            "execution_role_arn": "arn:aws:iam::901444280953:role/Execution-Role-CAB432-ECS",
            "family": "steam-predictor-sklearn",
            "id": "steam-predictor-sklearn",
            "ipc_mode": "",
            "memory": "2048",
            "network_mode": "awsvpc",
            "pid_mode": "",
            "placement_constraints": [],
            "proxy_configuration": [],
            "region": "ap-southeast-2",
            "requires_compatibilities": [
              "FARGATE"
            ],
            "revision": 32,
            "runtime_platform": [],
            "skip_destroy": false,
            "tags": {
              "project": "steam-market-predictor",
              "purpose": "assessment3",
              "qut-username": "n11275561@qut.edu.au",
              "qut-username2": "n11803444@qut.edu.au"
            },
            "tags_all": {
              "project": "steam-market-predictor",
              "purpose": "assessment3",
              "qut-username": "n11275561@qut.edu.au",
              "qut-username2": "n11803444@qut.edu.au"
            },
            "task_role_arn": "arn:aws:iam::901444280953:role/Task-Role-CAB432-ECS",
            "track_latest": false,
            "volume": []
          },
          "sensitive_attributes": [
            [
              {
                "type": "get_attr",
                "value": "container_definitions"
              }
            ]
          ],
          "identity_schema_version": 0,
          "private": "eyJzY2hlbWFfdmVyc2lvbiI6IjEifQ==",
          "dependencies": [
            "data.aws_iam_role.ecs_execution",
            "data.aws_iam_role.task_role"
          ]
        }
      ]
    },
    {
      "mode": "managed",
      "type": "aws_ecs_task_definition",
      "name": "web",
      "provider": "provider[\"registry.terraform.io/hashicorp/aws\"]",
      "instances": [
        {
          "schema_version": 1,
          "attributes": {
            "arn": "arn:aws:ecs:ap-southeast-2:901444280953:task-definition/steam-predictor-web:27",
            "arn_without_revision": "arn:aws:ecs:ap-southeast-2:901444280953:task-definition/steam-predictor-web",
            "container_definitions": "[{\"environment\":[{\"name\":\"API_DOCKER_IMAGE\",\"value\":\"901444280953.dkr.ecr.ap-southeast-2.amazonaws.com/steam-predictor-api:latest\"},{\"name\":\"AWS_REGION\",\"value\":\"ap-southeast-2\"},{\"name\":\"LOCAL_STORAGE\",\"value\":\"false\"},{\"name\":\"ML_PORT\",\"value\":\"3008\"},{\"name\":\"PROJECT_NAME\",\"value\":\"steam-predictor\"},{\"name\":\"REDIS_DB\",\"value\":\"0\"},{\"name\":\"REDIS_DOCKER_IMAGE\",\"value\":\"901444280953.dkr.ecr.ap-southeast-2.amazonaws.com/steam-predictor-redis:latest\"},{\"name\":\"REDIS_HOST\",\"value\":\"redis\"},{\"name\":\"REDIS_PASSWORD\",\"value\":\"\"},{\"name\":\"REDIS_PORT\",\"value\":\"6379\"},{\"name\":\"RESET_DATABASE\",\"value\":\"false\"},{\"name\":\"SITE_PORT\",\"value\":\"3010\"},{\"name\":\"SKLEARN_DOCKER_IMAGE\",\"value\":\"901444280953.dkr.ecr.ap-southeast-2.amazonaws.com/steam-predictor-sklearn:latest\"},{\"name\":\"SKLEARN_SERVICE_URL\",\"value\":\"http://sklearn:3008\"},{\"name\":\"SQS_DLQ_URL\",\"value\":\"https://sqs.ap-southeast-2.amazonaws.com/901444280953/steam-predictor-ml-jobs-dlq\"},{\"name\":\"SQS_QUEUE_URL\",\"value\":\"https://sqs.ap-southeast-2.amazonaws.com/901444280953/steam-predictor-ml-jobs-queue\"},{\"name\":\"WEB_DOCKER_IMAGE\",\"value\":\"901444280953.dkr.ecr.ap-southeast-2.amazonaws.com/steam-predictor-web:latest\"},{\"name\":\"WEB_PORT\",\"value\":\"3009\"}],\"essential\":true,\"healthCheck\":{\"command\":[\"CMD-SHELL\",\"curl -f http://localhost:3009 || exit 1\"],\"interval\":30,\"retries\":3,\"startPeriod\":30,\"timeout\":5},\"image\":\"901444280953.dkr.ecr.ap-southeast-2.amazonaws.com/steam-predictor-web:latest\",\"mountPoints\":[],\"name\":\"web\",\"portMappings\":[{\"containerPort\":3009,\"hostPort\":3009,\"name\":\"web\",\"protocol\":\"tcp\"}],\"systemControls\":[],\"volumesFrom\":[]}]",
            "cpu": "256",
            "enable_fault_injection": false,
            "ephemeral_storage": [],
            "execution_role_arn": "arn:aws:iam::901444280953:role/Execution-Role-CAB432-ECS",
            "family": "steam-predictor-web",
            "id": "steam-predictor-web",
            "ipc_mode": "",
            "memory": "512",
            "network_mode": "awsvpc",
            "pid_mode": "",
            "placement_constraints": [],
            "proxy_configuration": [],
            "region": "ap-southeast-2",
            "requires_compatibilities": [
              "FARGATE"
            ],
            "revision": 27,
            "runtime_platform": [],
            "skip_destroy": false,
            "tags": {
              "project": "steam-market-predictor",
              "purpose": "assessment3",
              "qut-username": "n11275561@qut.edu.au",
              "qut-username2": "n11803444@qut.edu.au"
            },
            "tags_all": {
              "project": "steam-market-predictor",
              "purpose": "assessment3",
              "qut-username": "n11275561@qut.edu.au",
              "qut-username2": "n11803444@qut.edu.au"
            },
            "task_role_arn": "arn:aws:iam::901444280953:role/Task-Role-CAB432-ECS",
            "track_latest": false,
            "volume": []
          },
          "sensitive_attributes": [
            [
              {
                "type": "get_attr",
                "value": "container_definitions"
              }
            ]
          ],
          "identity_schema_version": 0,
          "private": "eyJzY2hlbWFfdmVyc2lvbiI6IjEifQ==",
          "dependencies": [
            "data.aws_iam_role.ecs_execution",
            "data.aws_iam_role.task_role"
          ]
        }
      ]
    },
    {
      "mode": "managed",
      "type": "aws_lambda_function",
      "name": "graph_deleation",
      "provider": "provider[\"registry.terraform.io/hashicorp/aws\"]",
      "instances": [
        {
          "schema_version": 0,
          "attributes": {
            "architectures": [
              "x86_64"
            ],
            "arn": "arn:aws:lambda:ap-southeast-2:901444280953:function:graph_deleation_lambda",
            "code_sha256": "tIF1CysKCELrKaoRdEXc0t8dP/1VPyyFckOfSlqoXu8=",
            "code_signing_config_arn": "",
            "dead_letter_config": [],
            "description": "",
            "environment": [
              {
                "variables": {
                  "ENVIRONMENT": "dev",
                  "KEEP_COUNT": "5",
                  "S3_BUCKET_NAME": "a2-pairs-5-a2-ml-models-s3-bucket"
                }
              }
            ],
            "ephemeral_storage": [
              {
                "size": 512
              }
            ],
            "file_system_config": [],
            "filename": "./graph_deleation_lambda.zip",
            "function_name": "graph_deleation_lambda",
            "handler": "graph_deleation.lambda_handler",
            "id": "graph_deleation_lambda",
            "image_config": [],
            "image_uri": "",
            "invoke_arn": "arn:aws:apigateway:ap-southeast-2:lambda:path/2015-03-31/functions/arn:aws:lambda:ap-southeast-2:901444280953:function:graph_deleation_lambda/invocations",
            "kms_key_arn": "",
            "last_modified": "2025-10-26T15:00:29.000+0000",
            "layers": [],
            "logging_config": [
              {
                "application_log_level": "",
                "log_format": "Text",
                "log_group": "/aws/lambda/graph_deleation_lambda",
                "system_log_level": ""
              }
            ],
            "memory_size": 128,
            "package_type": "Zip",
            "publish": false,
            "qualified_arn": "arn:aws:lambda:ap-southeast-2:901444280953:function:graph_deleation_lambda:$LATEST",
            "qualified_invoke_arn": "arn:aws:apigateway:ap-southeast-2:lambda:path/2015-03-31/functions/arn:aws:lambda:ap-southeast-2:901444280953:function:graph_deleation_lambda:$LATEST/invocations",
            "region": "ap-southeast-2",
            "replace_security_groups_on_destroy": null,
            "replacement_security_group_ids": null,
            "reserved_concurrent_executions": -1,
            "role": "arn:aws:iam::901444280953:role/CAB432-Lambda-Role",
            "runtime": "python3.11",
            "s3_bucket": null,
            "s3_key": null,
            "s3_object_version": null,
            "signing_job_arn": "",
            "signing_profile_version_arn": "",
            "skip_destroy": false,
            "snap_start": [],
            "source_code_hash": "tIF1CysKCELrKaoRdEXc0t8dP/1VPyyFckOfSlqoXu8=",
            "source_code_size": 600,
            "source_kms_key_arn": "",
            "tags": {
              "project": "steam-market-predictor",
              "purpose": "assessment3",
              "qut-username": "n11275561@qut.edu.au",
              "qut-username2": "n11803444@qut.edu.au"
            },
            "tags_all": {
              "project": "steam-market-predictor",
              "purpose": "assessment3",
              "qut-username": "n11275561@qut.edu.au",
              "qut-username2": "n11803444@qut.edu.au"
            },
            "timeout": 3,
            "timeouts": null,
            "tracing_config": [
              {
                "mode": "PassThrough"
              }
            ],
            "version": "$LATEST",
            "vpc_config": []
          },
          "sensitive_attributes": [],
          "identity_schema_version": 0,
          "identity": {
            "account_id": "901444280953",
            "function_name": "graph_deleation_lambda",
            "region": "ap-southeast-2"
          },
          "private": "eyJlMmJmYjczMC1lY2FhLTExZTYtOGY4OC0zNDM2M2JjN2M0YzAiOnsiY3JlYXRlIjo2MDAwMDAwMDAwMDAsImRlbGV0ZSI6NjAwMDAwMDAwMDAwLCJ1cGRhdGUiOjYwMDAwMDAwMDAwMH19",
          "dependencies": [
            "data.archive_file.graph_deleation_lambda_zip"
          ]
        }
      ]
    },
    {
      "mode": "managed",
      "type": "aws_lambda_permission",
      "name": "allow_eventbridge",
      "provider": "provider[\"registry.terraform.io/hashicorp/aws\"]",
      "instances": [
        {
          "schema_version": 0,
          "attributes": {
            "action": "lambda:InvokeFunction",
            "event_source_token": null,
            "function_name": "graph_deleation_lambda",
            "function_url_auth_type": null,
            "id": "AllowExecutionFromEventBridge",
            "principal": "events.amazonaws.com",
            "principal_org_id": null,
            "qualifier": "",
            "region": "ap-southeast-2",
            "source_account": null,
            "source_arn": "arn:aws:events:ap-southeast-2:901444280953:rule/daily-graph-deletion",
            "statement_id": "AllowExecutionFromEventBridge",
            "statement_id_prefix": ""
          },
          "sensitive_attributes": [],
          "identity_schema_version": 0,
          "identity": {
            "account_id": "901444280953",
            "function_name": "graph_deleation_lambda",
            "qualifier": null,
            "region": "ap-southeast-2",
            "statement_id": "AllowExecutionFromEventBridge"
          },
          "private": "bnVsbA==",
          "dependencies": [
            "aws_cloudwatch_event_rule.daily_cleanup",
            "aws_lambda_function.graph_deleation",
            "data.archive_file.graph_deleation_lambda_zip"
          ]
        }
      ]
    },
    {
      "mode": "managed",
      "type": "aws_lb",
      "name": "main",
      "provider": "provider[\"registry.terraform.io/hashicorp/aws\"]",
      "instances": [
        {
          "schema_version": 0,
          "attributes": {
            "access_logs": [
              {
                "bucket": "",
                "enabled": false,
                "prefix": ""
              }
            ],
            "arn": "arn:aws:elasticloadbalancing:ap-southeast-2:901444280953:loadbalancer/app/steam-predictor-alb/8ea58fc0cb3cf8cc",
            "arn_suffix": "app/steam-predictor-alb/8ea58fc0cb3cf8cc",
            "client_keep_alive": 3600,
            "connection_logs": [
              {
                "bucket": "",
                "enabled": false,
                "prefix": ""
              }
            ],
            "customer_owned_ipv4_pool": "",
            "desync_mitigation_mode": "defensive",
            "dns_name": "steam-predictor-alb-1165430707.ap-southeast-2.elb.amazonaws.com",
            "dns_record_client_routing_policy": null,
            "drop_invalid_header_fields": false,
            "enable_cross_zone_load_balancing": true,
            "enable_deletion_protection": false,
            "enable_http2": true,
            "enable_tls_version_and_cipher_suite_headers": false,
            "enable_waf_fail_open": false,
            "enable_xff_client_port": false,
            "enable_zonal_shift": false,
            "enforce_security_group_inbound_rules_on_private_link_traffic": "",
            "id": "arn:aws:elasticloadbalancing:ap-southeast-2:901444280953:loadbalancer/app/steam-predictor-alb/8ea58fc0cb3cf8cc",
            "idle_timeout": 60,
            "internal": false,
            "ip_address_type": "ipv4",
            "ipam_pools": [],
            "load_balancer_type": "application",
            "minimum_load_balancer_capacity": [],
            "name": "steam-predictor-alb",
            "name_prefix": "",
            "preserve_host_header": false,
            "region": "ap-southeast-2",
            "secondary_ips_auto_assigned_per_subnet": null,
            "security_groups": [
              "sg-032bd1ff8cf77dbb9"
            ],
            "subnet_mapping": [
              {
                "allocation_id": "",
                "ipv6_address": "",
                "outpost_id": "",
                "private_ipv4_address": "",
                "subnet_id": "subnet-04ca053dcbe5f49cc"
              },
              {
                "allocation_id": "",
                "ipv6_address": "",
                "outpost_id": "",
                "private_ipv4_address": "",
                "subnet_id": "subnet-05a3b8177138c8b14"
              },
              {
                "allocation_id": "",
                "ipv6_address": "",
                "outpost_id": "",
                "private_ipv4_address": "",
                "subnet_id": "subnet-075811427d5564cf9"
              }
            ],
            "subnets": [
              "subnet-04ca053dcbe5f49cc",
              "subnet-05a3b8177138c8b14",
              "subnet-075811427d5564cf9"
            ],
            "tags": {
              "project": "steam-market-predictor",
              "purpose": "assessment3",
              "qut-username": "n11275561@qut.edu.au",
              "qut-username2": "n11803444@qut.edu.au"
            },
            "tags_all": {
              "project": "steam-market-predictor",
              "purpose": "assessment3",
              "qut-username": "n11275561@qut.edu.au",
              "qut-username2": "n11803444@qut.edu.au"
            },
            "timeouts": null,
            "vpc_id": "vpc-007bab53289655834",
            "xff_header_processing_mode": "append",
            "zone_id": "Z1GM3OXH4ZPM65"
          },
          "sensitive_attributes": [],
          "identity_schema_version": 0,
          "identity": {
            "arn": "arn:aws:elasticloadbalancing:ap-southeast-2:901444280953:loadbalancer/app/steam-predictor-alb/8ea58fc0cb3cf8cc"
          },
          "private": "eyJlMmJmYjczMC1lY2FhLTExZTYtOGY4OC0zNDM2M2JjN2M0YzAiOnsiY3JlYXRlIjo2MDAwMDAwMDAwMDAsImRlbGV0ZSI6NjAwMDAwMDAwMDAwLCJ1cGRhdGUiOjYwMDAwMDAwMDAwMH19",
          "dependencies": [
            "data.aws_security_group.default"
          ]
        }
      ]
    },
    {
      "mode": "managed",
      "type": "aws_lb_listener",
      "name": "https",
      "provider": "provider[\"registry.terraform.io/hashicorp/aws\"]",
      "instances": [
        {
          "schema_version": 0,
          "attributes": {
            "alpn_policy": null,
            "arn": "arn:aws:elasticloadbalancing:ap-southeast-2:901444280953:listener/app/steam-predictor-alb/8ea58fc0cb3cf8cc/337623aea35608d4",
            "certificate_arn": "arn:aws:acm:ap-southeast-2:901444280953:certificate/3c579364-0e7b-40d3-a883-4c91769b8fda",
            "default_action": [
              {
                "authenticate_cognito": [],
                "authenticate_oidc": [],
                "fixed_response": [],
                "forward": [],
                "order": 1,
                "redirect": [],
                "target_group_arn": "arn:aws:elasticloadbalancing:ap-southeast-2:901444280953:targetgroup/steam-predictor-web-loadb/e140bc8d18dae95d",
                "type": "forward"
              }
            ],
            "id": "arn:aws:elasticloadbalancing:ap-southeast-2:901444280953:listener/app/steam-predictor-alb/8ea58fc0cb3cf8cc/337623aea35608d4",
            "load_balancer_arn": "arn:aws:elasticloadbalancing:ap-southeast-2:901444280953:loadbalancer/app/steam-predictor-alb/8ea58fc0cb3cf8cc",
            "mutual_authentication": [
              {
                "advertise_trust_store_ca_names": "",
                "ignore_client_certificate_expiry": false,
                "mode": "off",
                "trust_store_arn": ""
              }
            ],
            "port": 443,
            "protocol": "HTTPS",
            "region": "ap-southeast-2",
            "routing_http_request_x_amzn_mtls_clientcert_header_name": "",
            "routing_http_request_x_amzn_mtls_clientcert_issuer_header_name": "",
            "routing_http_request_x_amzn_mtls_clientcert_leaf_header_name": "",
            "routing_http_request_x_amzn_mtls_clientcert_serial_number_header_name": "",
            "routing_http_request_x_amzn_mtls_clientcert_subject_header_name": "",
            "routing_http_request_x_amzn_mtls_clientcert_validity_header_name": "",
            "routing_http_request_x_amzn_tls_cipher_suite_header_name": "",
            "routing_http_request_x_amzn_tls_version_header_name": "",
            "routing_http_response_access_control_allow_credentials_header_value": "",
            "routing_http_response_access_control_allow_headers_header_value": "",
            "routing_http_response_access_control_allow_methods_header_value": "",
            "routing_http_response_access_control_allow_origin_header_value": "",
            "routing_http_response_access_control_expose_headers_header_value": "",
            "routing_http_response_access_control_max_age_header_value": "",
            "routing_http_response_content_security_policy_header_value": "",
            "routing_http_response_server_enabled": true,
            "routing_http_response_strict_transport_security_header_value": "",
            "routing_http_response_x_content_type_options_header_value": "",
            "routing_http_response_x_frame_options_header_value": "",
            "ssl_policy": "ELBSecurityPolicy-2016-08",
            "tags": {
              "project": "steam-market-predictor",
              "purpose": "assessment3",
              "qut-username": "n11275561@qut.edu.au",
              "qut-username2": "n11803444@qut.edu.au"
            },
            "tags_all": {
              "project": "steam-market-predictor",
              "purpose": "assessment3",
              "qut-username": "n11275561@qut.edu.au",
              "qut-username2": "n11803444@qut.edu.au"
            },
            "tcp_idle_timeout_seconds": null,
            "timeouts": null
          },
          "sensitive_attributes": [],
          "identity_schema_version": 0,
          "identity": {
            "arn": "arn:aws:elasticloadbalancing:ap-southeast-2:901444280953:listener/app/steam-predictor-alb/8ea58fc0cb3cf8cc/337623aea35608d4"
          },
          "private": "eyJlMmJmYjczMC1lY2FhLTExZTYtOGY4OC0zNDM2M2JjN2M0YzAiOnsiY3JlYXRlIjozMDAwMDAwMDAwMDAsInVwZGF0ZSI6MzAwMDAwMDAwMDAwfX0=",
          "dependencies": [
            "aws_lb.main",
            "aws_lb_target_group.web",
            "data.aws_security_group.default",
            "data.aws_vpc.main"
          ]
        }
      ]
    },
    {
      "mode": "managed",
      "type": "aws_lb_listener_rule",
      "name": "api_domain",
      "provider": "provider[\"registry.terraform.io/hashicorp/aws\"]",
      "instances": [
        {
          "schema_version": 0,
          "attributes": {
            "action": [
              {
                "authenticate_cognito": [],
                "authenticate_oidc": [],
                "fixed_response": [],
                "forward": [],
                "order": 1,
                "redirect": [],
                "target_group_arn": "arn:aws:elasticloadbalancing:ap-southeast-2:901444280953:targetgroup/steam-predictor-api-loadb/691cae18d3b4e4c3",
                "type": "forward"
              }
            ],
            "arn": "arn:aws:elasticloadbalancing:ap-southeast-2:901444280953:listener-rule/app/steam-predictor-alb/8ea58fc0cb3cf8cc/337623aea35608d4/1d7f434f4372cac5",
            "condition": [
              {
                "host_header": [
                  {
                    "values": [
                      "steam-market-price-predictor-api.cab432.com"
                    ]
                  }
                ],
                "http_header": [],
                "http_request_method": [],
                "path_pattern": [],
                "query_string": [],
                "source_ip": []
              }
            ],
            "id": "arn:aws:elasticloadbalancing:ap-southeast-2:901444280953:listener-rule/app/steam-predictor-alb/8ea58fc0cb3cf8cc/337623aea35608d4/1d7f434f4372cac5",
            "listener_arn": "arn:aws:elasticloadbalancing:ap-southeast-2:901444280953:listener/app/steam-predictor-alb/8ea58fc0cb3cf8cc/337623aea35608d4",
            "priority": 10,
            "region": "ap-southeast-2",
            "tags": {},
            "tags_all": {}
          },
          "sensitive_attributes": [],
          "identity_schema_version": 0,
          "identity": {
            "arn": "arn:aws:elasticloadbalancing:ap-southeast-2:901444280953:listener-rule/app/steam-predictor-alb/8ea58fc0cb3cf8cc/337623aea35608d4/1d7f434f4372cac5"
          },
          "private": "bnVsbA==",
          "dependencies": [
            "aws_lb.main",
            "aws_lb_listener.https",
            "aws_lb_target_group.api",
            "aws_lb_target_group.web",
            "data.aws_security_group.default",
            "data.aws_vpc.main"
          ]
        }
      ]
    },
    {
      "mode": "managed",
      "type": "aws_lb_listener_rule",
      "name": "web_domain",
      "provider": "provider[\"registry.terraform.io/hashicorp/aws\"]",
      "instances": [
        {
          "schema_version": 0,
          "attributes": {
            "action": [
              {
                "authenticate_cognito": [],
                "authenticate_oidc": [],
                "fixed_response": [],
                "forward": [],
                "order": 1,
                "redirect": [],
                "target_group_arn": "arn:aws:elasticloadbalancing:ap-southeast-2:901444280953:targetgroup/steam-predictor-web-loadb/e140bc8d18dae95d",
                "type": "forward"
              }
            ],
            "arn": "arn:aws:elasticloadbalancing:ap-southeast-2:901444280953:listener-rule/app/steam-predictor-alb/8ea58fc0cb3cf8cc/337623aea35608d4/b70e76ae631f5d06",
            "condition": [
              {
                "host_header": [
                  {
                    "values": [
                      "steam-market-price-predictor.cab432.com"
                    ]
                  }
                ],
                "http_header": [],
                "http_request_method": [],
                "path_pattern": [],
                "query_string": [],
                "source_ip": []
              }
            ],
            "id": "arn:aws:elasticloadbalancing:ap-southeast-2:901444280953:listener-rule/app/steam-predictor-alb/8ea58fc0cb3cf8cc/337623aea35608d4/b70e76ae631f5d06",
            "listener_arn": "arn:aws:elasticloadbalancing:ap-southeast-2:901444280953:listener/app/steam-predictor-alb/8ea58fc0cb3cf8cc/337623aea35608d4",
            "priority": 20,
            "region": "ap-southeast-2",
            "tags": {},
            "tags_all": {}
          },
          "sensitive_attributes": [],
          "identity_schema_version": 0,
          "identity": {
            "arn": "arn:aws:elasticloadbalancing:ap-southeast-2:901444280953:listener-rule/app/steam-predictor-alb/8ea58fc0cb3cf8cc/337623aea35608d4/b70e76ae631f5d06"
          },
          "private": "bnVsbA==",
          "dependencies": [
            "aws_lb.main",
            "aws_lb_listener.https",
            "aws_lb_target_group.web",
            "data.aws_security_group.default",
            "data.aws_vpc.main"
          ]
        }
      ]
    },
    {
      "mode": "managed",
      "type": "aws_lb_target_group",
      "name": "api",
      "provider": "provider[\"registry.terraform.io/hashicorp/aws\"]",
      "instances": [
        {
          "schema_version": 0,
          "attributes": {
            "arn": "arn:aws:elasticloadbalancing:ap-southeast-2:901444280953:targetgroup/steam-predictor-api-loadb/691cae18d3b4e4c3",
            "arn_suffix": "targetgroup/steam-predictor-api-loadb/691cae18d3b4e4c3",
            "connection_termination": null,
            "deregistration_delay": "300",
            "health_check": [
              {
                "enabled": true,
                "healthy_threshold": 3,
                "interval": 30,
                "matcher": "200",
                "path": "/health",
                "port": "traffic-port",
                "protocol": "HTTP",
                "timeout": 5,
                "unhealthy_threshold": 3
              }
            ],
            "id": "arn:aws:elasticloadbalancing:ap-southeast-2:901444280953:targetgroup/steam-predictor-api-loadb/691cae18d3b4e4c3",
            "ip_address_type": "ipv4",
            "lambda_multi_value_headers_enabled": false,
            "load_balancer_arns": [
              "arn:aws:elasticloadbalancing:ap-southeast-2:901444280953:loadbalancer/app/steam-predictor-alb/8ea58fc0cb3cf8cc"
            ],
            "load_balancing_algorithm_type": "round_robin",
            "load_balancing_anomaly_mitigation": "off",
            "load_balancing_cross_zone_enabled": "use_load_balancer_configuration",
            "name": "steam-predictor-api-loadb",
            "name_prefix": "",
            "port": 3010,
            "preserve_client_ip": null,
            "protocol": "HTTP",
            "protocol_version": "HTTP1",
            "proxy_protocol_v2": false,
            "region": "ap-southeast-2",
            "slow_start": 0,
            "stickiness": [
              {
                "cookie_duration": 86400,
                "cookie_name": "",
                "enabled": false,
                "type": "lb_cookie"
              }
            ],
            "tags": {
              "project": "steam-market-predictor",
              "purpose": "assessment3",
              "qut-username": "n11275561@qut.edu.au",
              "qut-username2": "n11803444@qut.edu.au"
            },
            "tags_all": {
              "project": "steam-market-predictor",
              "purpose": "assessment3",
              "qut-username": "n11275561@qut.edu.au",
              "qut-username2": "n11803444@qut.edu.au"
            },
            "target_failover": [
              {
                "on_deregistration": null,
                "on_unhealthy": null
              }
            ],
            "target_group_health": [
              {
                "dns_failover": [
                  {
                    "minimum_healthy_targets_count": "1",
                    "minimum_healthy_targets_percentage": "off"
                  }
                ],
                "unhealthy_state_routing": [
                  {
                    "minimum_healthy_targets_count": 1,
                    "minimum_healthy_targets_percentage": "off"
                  }
                ]
              }
            ],
            "target_health_state": [
              {
                "enable_unhealthy_connection_termination": null,
                "unhealthy_draining_interval": null
              }
            ],
            "target_type": "ip",
            "vpc_id": "vpc-007bab53289655834"
          },
          "sensitive_attributes": [],
          "identity_schema_version": 0,
          "identity": {
            "arn": "arn:aws:elasticloadbalancing:ap-southeast-2:901444280953:targetgroup/steam-predictor-api-loadb/691cae18d3b4e4c3"
          },
          "private": "bnVsbA==",
          "dependencies": [
            "data.aws_vpc.main"
          ]
        }
      ]
    },
    {
      "mode": "managed",
      "type": "aws_lb_target_group",
      "name": "web",
      "provider": "provider[\"registry.terraform.io/hashicorp/aws\"]",
      "instances": [
        {
          "schema_version": 0,
          "attributes": {
            "arn": "arn:aws:elasticloadbalancing:ap-southeast-2:901444280953:targetgroup/steam-predictor-web-loadb/e140bc8d18dae95d",
            "arn_suffix": "targetgroup/steam-predictor-web-loadb/e140bc8d18dae95d",
            "connection_termination": null,
            "deregistration_delay": "300",
            "health_check": [
              {
                "enabled": true,
                "healthy_threshold": 3,
                "interval": 30,
                "matcher": "200",
                "path": "/",
                "port": "traffic-port",
                "protocol": "HTTP",
                "timeout": 5,
                "unhealthy_threshold": 3
              }
            ],
            "id": "arn:aws:elasticloadbalancing:ap-southeast-2:901444280953:targetgroup/steam-predictor-web-loadb/e140bc8d18dae95d",
            "ip_address_type": "ipv4",
            "lambda_multi_value_headers_enabled": false,
            "load_balancer_arns": [
              "arn:aws:elasticloadbalancing:ap-southeast-2:901444280953:loadbalancer/app/steam-predictor-alb/8ea58fc0cb3cf8cc"
            ],
            "load_balancing_algorithm_type": "round_robin",
            "load_balancing_anomaly_mitigation": "off",
            "load_balancing_cross_zone_enabled": "use_load_balancer_configuration",
            "name": "steam-predictor-web-loadb",
            "name_prefix": "",
            "port": 3009,
            "preserve_client_ip": null,
            "protocol": "HTTP",
            "protocol_version": "HTTP1",
            "proxy_protocol_v2": false,
            "region": "ap-southeast-2",
            "slow_start": 0,
            "stickiness": [
              {
                "cookie_duration": 86400,
                "cookie_name": "",
                "enabled": false,
                "type": "lb_cookie"
              }
            ],
            "tags": {
              "project": "steam-market-predictor",
              "purpose": "assessment3",
              "qut-username": "n11275561@qut.edu.au",
              "qut-username2": "n11803444@qut.edu.au"
            },
            "tags_all": {
              "project": "steam-market-predictor",
              "purpose": "assessment3",
              "qut-username": "n11275561@qut.edu.au",
              "qut-username2": "n11803444@qut.edu.au"
            },
            "target_failover": [
              {
                "on_deregistration": null,
                "on_unhealthy": null
              }
            ],
            "target_group_health": [
              {
                "dns_failover": [
                  {
                    "minimum_healthy_targets_count": "1",
                    "minimum_healthy_targets_percentage": "off"
                  }
                ],
                "unhealthy_state_routing": [
                  {
                    "minimum_healthy_targets_count": 1,
                    "minimum_healthy_targets_percentage": "off"
                  }
                ]
              }
            ],
            "target_health_state": [
              {
                "enable_unhealthy_connection_termination": null,
                "unhealthy_draining_interval": null
              }
            ],
            "target_type": "ip",
            "vpc_id": "vpc-007bab53289655834"
          },
          "sensitive_attributes": [],
          "identity_schema_version": 0,
          "identity": {
            "arn": "arn:aws:elasticloadbalancing:ap-southeast-2:901444280953:targetgroup/steam-predictor-web-loadb/e140bc8d18dae95d"
          },
          "private": "bnVsbA==",
          "dependencies": [
            "data.aws_vpc.main"
          ]
        }
      ]
    },
    {
      "mode": "managed",
      "type": "aws_sqs_queue",
      "name": "ml_jobs",
      "provider": "provider[\"registry.terraform.io/hashicorp/aws\"]",
      "instances": [
        {
          "schema_version": 0,
          "attributes": {
            "arn": "arn:aws:sqs:ap-southeast-2:901444280953:steam-predictor-ml-jobs-queue",
            "content_based_deduplication": false,
            "deduplication_scope": "",
            "delay_seconds": 0,
            "fifo_queue": false,
            "fifo_throughput_limit": "",
            "id": "https://sqs.ap-southeast-2.amazonaws.com/901444280953/steam-predictor-ml-jobs-queue",
            "kms_data_key_reuse_period_seconds": 300,
            "kms_master_key_id": "",
            "max_message_size": 262144,
            "message_retention_seconds": 86400,
            "name": "steam-predictor-ml-jobs-queue",
            "name_prefix": "",
            "policy": "",
            "receive_wait_time_seconds": 20,
            "redrive_allow_policy": "",
            "redrive_policy": "{\"deadLetterTargetArn\":\"arn:aws:sqs:ap-southeast-2:901444280953:steam-predictor-ml-jobs-dlq\",\"maxReceiveCount\":3}",
            "region": "ap-southeast-2",
            "sqs_managed_sse_enabled": true,
            "tags": {
              "project": "steam-market-predictor",
              "purpose": "assessment3",
              "qut-username": "n11275561@qut.edu.au",
              "qut-username2": "n11803444@qut.edu.au"
            },
            "tags_all": {
              "project": "steam-market-predictor",
              "purpose": "assessment3",
              "qut-username": "n11275561@qut.edu.au",
              "qut-username2": "n11803444@qut.edu.au"
            },
            "timeouts": null,
            "url": "https://sqs.ap-southeast-2.amazonaws.com/901444280953/steam-predictor-ml-jobs-queue",
            "visibility_timeout_seconds": 900
          },
          "sensitive_attributes": [],
          "identity_schema_version": 0,
          "identity": {
            "account_id": "901444280953",
            "region": "ap-southeast-2",
            "url": "https://sqs.ap-southeast-2.amazonaws.com/901444280953/steam-predictor-ml-jobs-queue"
          },
          "private": "eyJlMmJmYjczMC1lY2FhLTExZTYtOGY4OC0zNDM2M2JjN2M0YzAiOnsiY3JlYXRlIjoxODAwMDAwMDAwMDAsImRlbGV0ZSI6MTgwMDAwMDAwMDAwLCJ1cGRhdGUiOjE4MDAwMDAwMDAwMH19",
          "dependencies": [
            "aws_sqs_queue.ml_jobs_dlq"
          ]
        }
      ]
    },
    {
      "mode": "managed",
      "type": "aws_sqs_queue",
      "name": "ml_jobs_dlq",
      "provider": "provider[\"registry.terraform.io/hashicorp/aws\"]",
      "instances": [
        {
          "schema_version": 0,
          "attributes": {
            "arn": "arn:aws:sqs:ap-southeast-2:901444280953:steam-predictor-ml-jobs-dlq",
            "content_based_deduplication": false,
            "deduplication_scope": "",
            "delay_seconds": 0,
            "fifo_queue": false,
            "fifo_throughput_limit": "",
            "id": "https://sqs.ap-southeast-2.amazonaws.com/901444280953/steam-predictor-ml-jobs-dlq",
            "kms_data_key_reuse_period_seconds": 300,
            "kms_master_key_id": "",
            "max_message_size": 262144,
            "message_retention_seconds": 1209600,
            "name": "steam-predictor-ml-jobs-dlq",
            "name_prefix": "",
            "policy": "",
            "receive_wait_time_seconds": 0,
            "redrive_allow_policy": "",
            "redrive_policy": "",
            "region": "ap-southeast-2",
            "sqs_managed_sse_enabled": true,
            "tags": {
              "project": "steam-market-predictor",
              "purpose": "assessment3",
              "qut-username": "n11275561@qut.edu.au",
              "qut-username2": "n11803444@qut.edu.au"
            },
            "tags_all": {
              "project": "steam-market-predictor",
              "purpose": "assessment3",
              "qut-username": "n11275561@qut.edu.au",
              "qut-username2": "n11803444@qut.edu.au"
            },
            "timeouts": null,
            "url": "https://sqs.ap-southeast-2.amazonaws.com/901444280953/steam-predictor-ml-jobs-dlq",
            "visibility_timeout_seconds": 30
          },
          "sensitive_attributes": [],
          "identity_schema_version": 0,
          "identity": {
            "account_id": "901444280953",
            "region": "ap-southeast-2",
            "url": "https://sqs.ap-southeast-2.amazonaws.com/901444280953/steam-predictor-ml-jobs-dlq"
          },
          "private": "eyJlMmJmYjczMC1lY2FhLTExZTYtOGY4OC0zNDM2M2JjN2M0YzAiOnsiY3JlYXRlIjoxODAwMDAwMDAwMDAsImRlbGV0ZSI6MTgwMDAwMDAwMDAwLCJ1cGRhdGUiOjE4MDAwMDAwMDAwMH19"
        }
      ]
    }
  ],
  "check_results": null
}
